// !$*UTF8*$!
{
	archiveVersion = 1;
	classes = {
	};
	objectVersion = 55;
	objects = {

/* Begin PBXBuildFile section */
		9D0669BC2A4C62B8004DDC4A /* SteeringPatternsApp.swift in Sources */ = {isa = PBXBuildFile; fileRef = 9D0669BB2A4C62B8004DDC4A /* SteeringPatternsApp.swift */; };
		9D0669BE2A4C62B8004DDC4A /* ContentView.swift in Sources */ = {isa = PBXBuildFile; fileRef = 9D0669BD2A4C62B8004DDC4A /* ContentView.swift */; };
		9D0669C02A4C62BA004DDC4A /* Assets.xcassets in Resources */ = {isa = PBXBuildFile; fileRef = 9D0669BF2A4C62BA004DDC4A /* Assets.xcassets */; };
		9D0669C32A4C62BA004DDC4A /* Preview Assets.xcassets in Resources */ = {isa = PBXBuildFile; fileRef = 9D0669C22A4C62BA004DDC4A /* Preview Assets.xcassets */; };
		9D0669E72A4C63E9004DDC4A /* Triangle.swift in Sources */ = {isa = PBXBuildFile; fileRef = 9D0669E62A4C63E9004DDC4A /* Triangle.swift */; };
		9D0669EA2A4C66D9004DDC4A /* TriangleLogic.swift in Sources */ = {isa = PBXBuildFile; fileRef = 9D0669E92A4C66D9004DDC4A /* TriangleLogic.swift */; };
/* End PBXBuildFile section */

/* Begin PBXContainerItemProxy section */
		9D0669C92A4C62BA004DDC4A /* PBXContainerItemProxy */ = {
			isa = PBXContainerItemProxy;
			containerPortal = 9D0669B02A4C62B8004DDC4A /* Project object */;
			proxyType = 1;
			remoteGlobalIDString = 9D0669B72A4C62B8004DDC4A;
			remoteInfo = SteeringPatterns;
		};
		9D0669D32A4C62BA004DDC4A /* PBXContainerItemProxy */ = {
			isa = PBXContainerItemProxy;
			containerPortal = 9D0669B02A4C62B8004DDC4A /* Project object */;
			proxyType = 1;
			remoteGlobalIDString = 9D0669B72A4C62B8004DDC4A;
			remoteInfo = SteeringPatterns;
		};
/* End PBXContainerItemProxy section */

/* Begin PBXFileReference section */
		9D0669B82A4C62B8004DDC4A /* SteeringPatterns.app */ = {isa = PBXFileReference; explicitFileType = wrapper.application; includeInIndex = 0; path = SteeringPatterns.app; sourceTree = BUILT_PRODUCTS_DIR; };
		9D0669BB2A4C62B8004DDC4A /* SteeringPatternsApp.swift */ = {isa = PBXFileReference; lastKnownFileType = sourcecode.swift; path = SteeringPatternsApp.swift; sourceTree = "<group>"; };
		9D0669BD2A4C62B8004DDC4A /* ContentView.swift */ = {isa = PBXFileReference; lastKnownFileType = sourcecode.swift; path = ContentView.swift; sourceTree = "<group>"; };
		9D0669BF2A4C62BA004DDC4A /* Assets.xcassets */ = {isa = PBXFileReference; lastKnownFileType = folder.assetcatalog; path = Assets.xcassets; sourceTree = "<group>"; };
		9D0669C22A4C62BA004DDC4A /* Preview Assets.xcassets */ = {isa = PBXFileReference; lastKnownFileType = folder.assetcatalog; path = "Preview Assets.xcassets"; sourceTree = "<group>"; };
		9D0669C82A4C62BA004DDC4A /* SteeringPatternsTests.xctest */ = {isa = PBXFileReference; explicitFileType = wrapper.cfbundle; includeInIndex = 0; path = SteeringPatternsTests.xctest; sourceTree = BUILT_PRODUCTS_DIR; };
		9D0669D22A4C62BA004DDC4A /* SteeringPatternsUITests.xctest */ = {isa = PBXFileReference; explicitFileType = wrapper.cfbundle; includeInIndex = 0; path = SteeringPatternsUITests.xctest; sourceTree = BUILT_PRODUCTS_DIR; };
		9D0669E62A4C63E9004DDC4A /* Triangle.swift */ = {isa = PBXFileReference; lastKnownFileType = sourcecode.swift; path = Triangle.swift; sourceTree = "<group>"; };
		9D0669E92A4C66D9004DDC4A /* TriangleLogic.swift */ = {isa = PBXFileReference; lastKnownFileType = sourcecode.swift; path = TriangleLogic.swift; sourceTree = "<group>"; };
/* End PBXFileReference section */

/* Begin PBXFrameworksBuildPhase section */
		9D0669B52A4C62B8004DDC4A /* Frameworks */ = {
			isa = PBXFrameworksBuildPhase;
			buildActionMask = 2147483647;
			files = (
			);
			runOnlyForDeploymentPostprocessing = 0;
		};
		9D0669C52A4C62BA004DDC4A /* Frameworks */ = {
			isa = PBXFrameworksBuildPhase;
			buildActionMask = 2147483647;
			files = (
			);
			runOnlyForDeploymentPostprocessing = 0;
		};
		9D0669CF2A4C62BA004DDC4A /* Frameworks */ = {
			isa = PBXFrameworksBuildPhase;
			buildActionMask = 2147483647;
			files = (
			);
			runOnlyForDeploymentPostprocessing = 0;
		};
/* End PBXFrameworksBuildPhase section */

/* Begin PBXGroup section */
		9D0669AF2A4C62B8004DDC4A = {
			isa = PBXGroup;
			children = (
				9D0669BA2A4C62B8004DDC4A /* SteeringPatterns */,
				9D0669B92A4C62B8004DDC4A /* Products */,
			);
			sourceTree = "<group>";
		};
		9D0669B92A4C62B8004DDC4A /* Products */ = {
			isa = PBXGroup;
			children = (
				9D0669B82A4C62B8004DDC4A /* SteeringPatterns.app */,
				9D0669C82A4C62BA004DDC4A /* SteeringPatternsTests.xctest */,
				9D0669D22A4C62BA004DDC4A /* SteeringPatternsUITests.xctest */,
			);
			name = Products;
			sourceTree = "<group>";
		};
		9D0669BA2A4C62B8004DDC4A /* SteeringPatterns */ = {
			isa = PBXGroup;
			children = (
				9D0669E82A4C66CB004DDC4A /* Logic */,
				9D0669E52A4C63D6004DDC4A /* Views */,
				9D0669BB2A4C62B8004DDC4A /* SteeringPatternsApp.swift */,
				9D0669BD2A4C62B8004DDC4A /* ContentView.swift */,
				9D0669BF2A4C62BA004DDC4A /* Assets.xcassets */,
				9D0669C12A4C62BA004DDC4A /* Preview Content */,
			);
			path = SteeringPatterns;
			sourceTree = "<group>";
		};
		9D0669C12A4C62BA004DDC4A /* Preview Content */ = {
			isa = PBXGroup;
			children = (
				9D0669C22A4C62BA004DDC4A /* Preview Assets.xcassets */,
			);
			path = "Preview Content";
			sourceTree = "<group>";
		};
		9D0669E52A4C63D6004DDC4A /* Views */ = {
			isa = PBXGroup;
			children = (
				9D0669E62A4C63E9004DDC4A /* Triangle.swift */,
			);
			path = Views;
			sourceTree = "<group>";
		};
		9D0669E82A4C66CB004DDC4A /* Logic */ = {
			isa = PBXGroup;
			children = (
				9D0669E92A4C66D9004DDC4A /* TriangleLogic.swift */,
			);
			path = Logic;
			sourceTree = "<group>";
		};
/* End PBXGroup section */

/* Begin PBXNativeTarget section */
		9D0669B72A4C62B8004DDC4A /* SteeringPatterns */ = {
			isa = PBXNativeTarget;
			buildConfigurationList = 9D0669DC2A4C62BA004DDC4A /* Build configuration list for PBXNativeTarget "SteeringPatterns" */;
			buildPhases = (
				9D0669B42A4C62B8004DDC4A /* Sources */,
				9D0669B52A4C62B8004DDC4A /* Frameworks */,
				9D0669B62A4C62B8004DDC4A /* Resources */,
			);
			buildRules = (
			);
			dependencies = (
			);
			name = SteeringPatterns;
			productName = SteeringPatterns;
			productReference = 9D0669B82A4C62B8004DDC4A /* SteeringPatterns.app */;
			productType = "com.apple.product-type.application";
		};
		9D0669C72A4C62BA004DDC4A /* SteeringPatternsTests */ = {
			isa = PBXNativeTarget;
			buildConfigurationList = 9D0669DF2A4C62BA004DDC4A /* Build configuration list for PBXNativeTarget "SteeringPatternsTests" */;
			buildPhases = (
				9D0669C42A4C62BA004DDC4A /* Sources */,
				9D0669C52A4C62BA004DDC4A /* Frameworks */,
				9D0669C62A4C62BA004DDC4A /* Resources */,
			);
			buildRules = (
			);
			dependencies = (
				9D0669CA2A4C62BA004DDC4A /* PBXTargetDependency */,
			);
			name = SteeringPatternsTests;
			productName = SteeringPatternsTests;
			productReference = 9D0669C82A4C62BA004DDC4A /* SteeringPatternsTests.xctest */;
			productType = "com.apple.product-type.bundle.unit-test";
		};
		9D0669D12A4C62BA004DDC4A /* SteeringPatternsUITests */ = {
			isa = PBXNativeTarget;
			buildConfigurationList = 9D0669E22A4C62BA004DDC4A /* Build configuration list for PBXNativeTarget "SteeringPatternsUITests" */;
			buildPhases = (
				9D0669CE2A4C62BA004DDC4A /* Sources */,
				9D0669CF2A4C62BA004DDC4A /* Frameworks */,
				9D0669D02A4C62BA004DDC4A /* Resources */,
			);
			buildRules = (
			);
			dependencies = (
				9D0669D42A4C62BA004DDC4A /* PBXTargetDependency */,
			);
			name = SteeringPatternsUITests;
			productName = SteeringPatternsUITests;
			productReference = 9D0669D22A4C62BA004DDC4A /* SteeringPatternsUITests.xctest */;
			productType = "com.apple.product-type.bundle.ui-testing";
		};
/* End PBXNativeTarget section */

/* Begin PBXProject section */
		9D0669B02A4C62B8004DDC4A /* Project object */ = {
			isa = PBXProject;
			attributes = {
				BuildIndependentTargetsInParallel = 1;
				LastSwiftUpdateCheck = 1340;
				LastUpgradeCheck = 1340;
				TargetAttributes = {
					9D0669B72A4C62B8004DDC4A = {
						CreatedOnToolsVersion = 13.4.1;
					};
					9D0669C72A4C62BA004DDC4A = {
						CreatedOnToolsVersion = 13.4.1;
						TestTargetID = 9D0669B72A4C62B8004DDC4A;
					};
					9D0669D12A4C62BA004DDC4A = {
						CreatedOnToolsVersion = 13.4.1;
						TestTargetID = 9D0669B72A4C62B8004DDC4A;
					};
				};
			};
			buildConfigurationList = 9D0669B32A4C62B8004DDC4A /* Build configuration list for PBXProject "SteeringPatterns" */;
			compatibilityVersion = "Xcode 13.0";
			developmentRegion = en;
			hasScannedForEncodings = 0;
			knownRegions = (
				en,
				Base,
			);
			mainGroup = 9D0669AF2A4C62B8004DDC4A;
			productRefGroup = 9D0669B92A4C62B8004DDC4A /* Products */;
			projectDirPath = "";
			projectRoot = "";
			targets = (
				9D0669B72A4C62B8004DDC4A /* SteeringPatterns */,
				9D0669C72A4C62BA004DDC4A /* SteeringPatternsTests */,
				9D0669D12A4C62BA004DDC4A /* SteeringPatternsUITests */,
			);
		};
/* End PBXProject section */

/* Begin PBXResourcesBuildPhase section */
		9D0669B62A4C62B8004DDC4A /* Resources */ = {
			isa = PBXResourcesBuildPhase;
			buildActionMask = 2147483647;
			files = (
				9D0669C32A4C62BA004DDC4A /* Preview Assets.xcassets in Resources */,
				9D0669C02A4C62BA004DDC4A /* Assets.xcassets in Resources */,
			);
			runOnlyForDeploymentPostprocessing = 0;
		};
		9D0669C62A4C62BA004DDC4A /* Resources */ = {
			isa = PBXResourcesBuildPhase;
			buildActionMask = 2147483647;
			files = (
			);
			runOnlyForDeploymentPostprocessing = 0;
		};
		9D0669D02A4C62BA004DDC4A /* Resources */ = {
			isa = PBXResourcesBuildPhase;
			buildActionMask = 2147483647;
			files = (
			);
			runOnlyForDeploymentPostprocessing = 0;
		};
/* End PBXResourcesBuildPhase section */

/* Begin PBXSourcesBuildPhase section */
		9D0669B42A4C62B8004DDC4A /* Sources */ = {
			isa = PBXSourcesBuildPhase;
			buildActionMask = 2147483647;
			files = (
				9D0669E72A4C63E9004DDC4A /* Triangle.swift in Sources */,
				9D0669BE2A4C62B8004DDC4A /* ContentView.swift in Sources */,
				9D0669EA2A4C66D9004DDC4A /* TriangleLogic.swift in Sources */,
				9D0669BC2A4C62B8004DDC4A /* SteeringPatternsApp.swift in Sources */,
			);
			runOnlyForDeploymentPostprocessing = 0;
		};
		9D0669C42A4C62BA004DDC4A /* Sources */ = {
			isa = PBXSourcesBuildPhase;
			buildActionMask = 2147483647;
			files = (
			);
			runOnlyForDeploymentPostprocessing = 0;
		};
		9D0669CE2A4C62BA004DDC4A /* Sources */ = {
			isa = PBXSourcesBuildPhase;
			buildActionMask = 2147483647;
			files = (
			);
			runOnlyForDeploymentPostprocessing = 0;
		};
/* End PBXSourcesBuildPhase section */

/* Begin PBXTargetDependency section */
		9D0669CA2A4C62BA004DDC4A /* PBXTargetDependency */ = {
			isa = PBXTargetDependency;
			target = 9D0669B72A4C62B8004DDC4A /* SteeringPatterns */;
			targetProxy = 9D0669C92A4C62BA004DDC4A /* PBXContainerItemProxy */;
		};
		9D0669D42A4C62BA004DDC4A /* PBXTargetDependency */ = {
			isa = PBXTargetDependency;
			target = 9D0669B72A4C62B8004DDC4A /* SteeringPatterns */;
			targetProxy = 9D0669D32A4C62BA004DDC4A /* PBXContainerItemProxy */;
		};
/* End PBXTargetDependency section */

/* Begin XCBuildConfiguration section */
		9D0669DA2A4C62BA004DDC4A /* Debug */ = {
			isa = XCBuildConfiguration;
			buildSettings = {
				ALWAYS_SEARCH_USER_PATHS = NO;
				CLANG_ANALYZER_NONNULL = YES;
				CLANG_ANALYZER_NUMBER_OBJECT_CONVERSION = YES_AGGRESSIVE;
				CLANG_CXX_LANGUAGE_STANDARD = "gnu++17";
				CLANG_ENABLE_MODULES = YES;
				CLANG_ENABLE_OBJC_ARC = YES;
				CLANG_ENABLE_OBJC_WEAK = YES;
				CLANG_WARN_BLOCK_CAPTURE_AUTORELEASING = YES;
				CLANG_WARN_BOOL_CONVERSION = YES;
				CLANG_WARN_COMMA = YES;
				CLANG_WARN_CONSTANT_CONVERSION = YES;
				CLANG_WARN_DEPRECATED_OBJC_IMPLEMENTATIONS = YES;
				CLANG_WARN_DIRECT_OBJC_ISA_USAGE = YES_ERROR;
				CLANG_WARN_DOCUMENTATION_COMMENTS = YES;
				CLANG_WARN_EMPTY_BODY = YES;
				CLANG_WARN_ENUM_CONVERSION = YES;
				CLANG_WARN_INFINITE_RECURSION = YES;
				CLANG_WARN_INT_CONVERSION = YES;
				CLANG_WARN_NON_LITERAL_NULL_CONVERSION = YES;
				CLANG_WARN_OBJC_IMPLICIT_RETAIN_SELF = YES;
				CLANG_WARN_OBJC_LITERAL_CONVERSION = YES;
				CLANG_WARN_OBJC_ROOT_CLASS = YES_ERROR;
				CLANG_WARN_QUOTED_INCLUDE_IN_FRAMEWORK_HEADER = YES;
				CLANG_WARN_RANGE_LOOP_ANALYSIS = YES;
				CLANG_WARN_STRICT_PROTOTYPES = YES;
				CLANG_WARN_SUSPICIOUS_MOVE = YES;
				CLANG_WARN_UNGUARDED_AVAILABILITY = YES_AGGRESSIVE;
				CLANG_WARN_UNREACHABLE_CODE = YES;
				CLANG_WARN__DUPLICATE_METHOD_MATCH = YES;
				COPY_PHASE_STRIP = NO;
				DEBUG_INFORMATION_FORMAT = dwarf;
				ENABLE_STRICT_OBJC_MSGSEND = YES;
				ENABLE_TESTABILITY = YES;
				GCC_C_LANGUAGE_STANDARD = gnu11;
				GCC_DYNAMIC_NO_PIC = NO;
				GCC_NO_COMMON_BLOCKS = YES;
				GCC_OPTIMIZATION_LEVEL = 0;
				GCC_PREPROCESSOR_DEFINITIONS = (
					"DEBUG=1",
					"$(inherited)",
				);
				GCC_WARN_64_TO_32_BIT_CONVERSION = YES;
				GCC_WARN_ABOUT_RETURN_TYPE = YES_ERROR;
				GCC_WARN_UNDECLARED_SELECTOR = YES;
				GCC_WARN_UNINITIALIZED_AUTOS = YES_AGGRESSIVE;
				GCC_WARN_UNUSED_FUNCTION = YES;
				GCC_WARN_UNUSED_VARIABLE = YES;
				IPHONEOS_DEPLOYMENT_TARGET = 15.5;
				MTL_ENABLE_DEBUG_INFO = INCLUDE_SOURCE;
				MTL_FAST_MATH = YES;
				ONLY_ACTIVE_ARCH = YES;
				SDKROOT = iphoneos;
				SWIFT_ACTIVE_COMPILATION_CONDITIONS = DEBUG;
				SWIFT_OPTIMIZATION_LEVEL = "-Onone";
			};
			name = Debug;
		};
		9D0669DB2A4C62BA004DDC4A /* Release */ = {
			isa = XCBuildConfiguration;
			buildSettings = {
				ALWAYS_SEARCH_USER_PATHS = NO;
				CLANG_ANALYZER_NONNULL = YES;
				CLANG_ANALYZER_NUMBER_OBJECT_CONVERSION = YES_AGGRESSIVE;
				CLANG_CXX_LANGUAGE_STANDARD = "gnu++17";
				CLANG_ENABLE_MODULES = YES;
				CLANG_ENABLE_OBJC_ARC = YES;
				CLANG_ENABLE_OBJC_WEAK = YES;
				CLANG_WARN_BLOCK_CAPTURE_AUTORELEASING = YES;
				CLANG_WARN_BOOL_CONVERSION = YES;
				CLANG_WARN_COMMA = YES;
				CLANG_WARN_CONSTANT_CONVERSION = YES;
				CLANG_WARN_DEPRECATED_OBJC_IMPLEMENTATIONS = YES;
				CLANG_WARN_DIRECT_OBJC_ISA_USAGE = YES_ERROR;
				CLANG_WARN_DOCUMENTATION_COMMENTS = YES;
				CLANG_WARN_EMPTY_BODY = YES;
				CLANG_WARN_ENUM_CONVERSION = YES;
				CLANG_WARN_INFINITE_RECURSION = YES;
				CLANG_WARN_INT_CONVERSION = YES;
				CLANG_WARN_NON_LITERAL_NULL_CONVERSION = YES;
				CLANG_WARN_OBJC_IMPLICIT_RETAIN_SELF = YES;
				CLANG_WARN_OBJC_LITERAL_CONVERSION = YES;
				CLANG_WARN_OBJC_ROOT_CLASS = YES_ERROR;
				CLANG_WARN_QUOTED_INCLUDE_IN_FRAMEWORK_HEADER = YES;
				CLANG_WARN_RANGE_LOOP_ANALYSIS = YES;
				CLANG_WARN_STRICT_PROTOTYPES = YES;
				CLANG_WARN_SUSPICIOUS_MOVE = YES;
				CLANG_WARN_UNGUARDED_AVAILABILITY = YES_AGGRESSIVE;
				CLANG_WARN_UNREACHABLE_CODE = YES;
				CLANG_WARN__DUPLICATE_METHOD_MATCH = YES;
				COPY_PHASE_STRIP = NO;
				DEBUG_INFORMATION_FORMAT = "dwarf-with-dsym";
				ENABLE_NS_ASSERTIONS = NO;
				ENABLE_STRICT_OBJC_MSGSEND = YES;
				GCC_C_LANGUAGE_STANDARD = gnu11;
				GCC_NO_COMMON_BLOCKS = YES;
				GCC_WARN_64_TO_32_BIT_CONVERSION = YES;
				GCC_WARN_ABOUT_RETURN_TYPE = YES_ERROR;
				GCC_WARN_UNDECLARED_SELECTOR = YES;
				GCC_WARN_UNINITIALIZED_AUTOS = YES_AGGRESSIVE;
				GCC_WARN_UNUSED_FUNCTION = YES;
				GCC_WARN_UNUSED_VARIABLE = YES;
				IPHONEOS_DEPLOYMENT_TARGET = 15.5;
				MTL_ENABLE_DEBUG_INFO = NO;
				MTL_FAST_MATH = YES;
				SDKROOT = iphoneos;
				SWIFT_COMPILATION_MODE = wholemodule;
				SWIFT_OPTIMIZATION_LEVEL = "-O";
				VALIDATE_PRODUCT = YES;
			};
			name = Release;
		};
		9D0669DD2A4C62BA004DDC4A /* Debug */ = {
			isa = XCBuildConfiguration;
			buildSettings = {
				ASSETCATALOG_COMPILER_APPICON_NAME = AppIcon;
				ASSETCATALOG_COMPILER_GLOBAL_ACCENT_COLOR_NAME = AccentColor;
				CODE_SIGN_STYLE = Automatic;
				CURRENT_PROJECT_VERSION = 1;
				DEVELOPMENT_ASSET_PATHS = "\"SteeringPatterns/Preview Content\"";
				DEVELOPMENT_TEAM = Z9CKL84U99;
				ENABLE_PREVIEWS = YES;
				GENERATE_INFOPLIST_FILE = YES;
				INFOPLIST_KEY_UIApplicationSceneManifest_Generation = YES;
				INFOPLIST_KEY_UIApplicationSupportsIndirectInputEvents = YES;
				INFOPLIST_KEY_UILaunchScreen_Generation = YES;
				INFOPLIST_KEY_UISupportedInterfaceOrientations_iPad = "UIInterfaceOrientationPortrait UIInterfaceOrientationPortraitUpsideDown UIInterfaceOrientationLandscapeLeft UIInterfaceOrientationLandscapeRight";
				INFOPLIST_KEY_UISupportedInterfaceOrientations_iPhone = "UIInterfaceOrientationPortrait UIInterfaceOrientationLandscapeLeft UIInterfaceOrientationLandscapeRight";
				LD_RUNPATH_SEARCH_PATHS = (
					"$(inherited)",
					"@executable_path/Frameworks",
				);
				MARKETING_VERSION = 1.0;
				PRODUCT_BUNDLE_IDENTIFIER = LezGo.SteeringPatterns;
				PRODUCT_NAME = "$(TARGET_NAME)";
				SWIFT_EMIT_LOC_STRINGS = YES;
				SWIFT_VERSION = 5.0;
				TARGETED_DEVICE_FAMILY = "1,2";
			};
			name = Debug;
		};
		9D0669DE2A4C62BA004DDC4A /* Release */ = {
			isa = XCBuildConfiguration;
			buildSettings = {
				ASSETCATALOG_COMPILER_APPICON_NAME = AppIcon;
				ASSETCATALOG_COMPILER_GLOBAL_ACCENT_COLOR_NAME = AccentColor;
				CODE_SIGN_STYLE = Automatic;
				CURRENT_PROJECT_VERSION = 1;
				DEVELOPMENT_ASSET_PATHS = "\"SteeringPatterns/Preview Content\"";
				DEVELOPMENT_TEAM = Z9CKL84U99;
				ENABLE_PREVIEWS = YES;
				GENERATE_INFOPLIST_FILE = YES;
				INFOPLIST_KEY_UIApplicationSceneManifest_Generation = YES;
				INFOPLIST_KEY_UIApplicationSupportsIndirectInputEvents = YES;
				INFOPLIST_KEY_UILaunchScreen_Generation = YES;
				INFOPLIST_KEY_UISupportedInterfaceOrientations_iPad = "UIInterfaceOrientationPortrait UIInterfaceOrientationPortraitUpsideDown UIInterfaceOrientationLandscapeLeft UIInterfaceOrientationLandscapeRight";
				INFOPLIST_KEY_UISupportedInterfaceOrientations_iPhone = "UIInterfaceOrientationPortrait UIInterfaceOrientationLandscapeLeft UIInterfaceOrientationLandscapeRight";
				LD_RUNPATH_SEARCH_PATHS = (
					"$(inherited)",
					"@executable_path/Frameworks",
				);
				MARKETING_VERSION = 1.0;
				PRODUCT_BUNDLE_IDENTIFIER = LezGo.SteeringPatterns;
				PRODUCT_NAME = "$(TARGET_NAME)";
				SWIFT_EMIT_LOC_STRINGS = YES;
				SWIFT_VERSION = 5.0;
				TARGETED_DEVICE_FAMILY = "1,2";
			};
			name = Release;
		};
		9D0669E02A4C62BA004DDC4A /* Debug */ = {
			isa = XCBuildConfiguration;
			buildSettings = {
				ALWAYS_EMBED_SWIFT_STANDARD_LIBRARIES = YES;
				BUNDLE_LOADER = "$(TEST_HOST)";
				CODE_SIGN_STYLE = Automatic;
				CURRENT_PROJECT_VERSION = 1;
				DEVELOPMENT_TEAM = Z9CKL84U99;
				GENERATE_INFOPLIST_FILE = YES;
				IPHONEOS_DEPLOYMENT_TARGET = 15.5;
				MARKETING_VERSION = 1.0;
				PRODUCT_BUNDLE_IDENTIFIER = LezGo.SteeringPatternsTests;
				PRODUCT_NAME = "$(TARGET_NAME)";
				SWIFT_EMIT_LOC_STRINGS = NO;
				SWIFT_VERSION = 5.0;
				TARGETED_DEVICE_FAMILY = "1,2";
				TEST_HOST = "$(BUILT_PRODUCTS_DIR)/SteeringPatterns.app/SteeringPatterns";
			};
			name = Debug;
		};
		9D0669E12A4C62BA004DDC4A /* Release */ = {
			isa = XCBuildConfiguration;
			buildSettings = {
				ALWAYS_EMBED_SWIFT_STANDARD_LIBRARIES = YES;
				BUNDLE_LOADER = "$(TEST_HOST)";
				CODE_SIGN_STYLE = Automatic;
				CURRENT_PROJECT_VERSION = 1;
				DEVELOPMENT_TEAM = Z9CKL84U99;
				GENERATE_INFOPLIST_FILE = YES;
				IPHONEOS_DEPLOYMENT_TARGET = 15.5;
				MARKETING_VERSION = 1.0;
				PRODUCT_BUNDLE_IDENTIFIER = LezGo.SteeringPatternsTests;
				PRODUCT_NAME = "$(TARGET_NAME)";
				SWIFT_EMIT_LOC_STRINGS = NO;
				SWIFT_VERSION = 5.0;
				TARGETED_DEVICE_FAMILY = "1,2";
				TEST_HOST = "$(BUILT_PRODUCTS_DIR)/SteeringPatterns.app/SteeringPatterns";
			};
			name = Release;
		};
		9D0669E32A4C62BA004DDC4A /* Debug */ = {
			isa = XCBuildConfiguration;
			buildSettings = {
				ALWAYS_EMBED_SWIFT_STANDARD_LIBRARIES = YES;
				CODE_SIGN_STYLE = Automatic;
				CURRENT_PROJECT_VERSION = 1;
				DEVELOPMENT_TEAM = Z9CKL84U99;
				GENERATE_INFOPLIST_FILE = YES;
				MARKETING_VERSION = 1.0;
				PRODUCT_BUNDLE_IDENTIFIER = LezGo.SteeringPatternsUITests;
				PRODUCT_NAME = "$(TARGET_NAME)";
				SWIFT_EMIT_LOC_STRINGS = NO;
				SWIFT_VERSION = 5.0;
				TARGETED_DEVICE_FAMILY = "1,2";
				TEST_TARGET_NAME = SteeringPatterns;
			};
			name = Debug;
		};
		9D0669E42A4C62BA004DDC4A /* Release */ = {
			isa = XCBuildConfiguration;
			buildSettings = {
				ALWAYS_EMBED_SWIFT_STANDARD_LIBRARIES = YES;
				CODE_SIGN_STYLE = Automatic;
				CURRENT_PROJECT_VERSION = 1;
				DEVELOPMENT_TEAM = Z9CKL84U99;
				GENERATE_INFOPLIST_FILE = YES;
				MARKETING_VERSION = 1.0;
				PRODUCT_BUNDLE_IDENTIFIER = LezGo.SteeringPatternsUITests;
				PRODUCT_NAME = "$(TARGET_NAME)";
				SWIFT_EMIT_LOC_STRINGS = NO;
				SWIFT_VERSION = 5.0;
				TARGETED_DEVICE_FAMILY = "1,2";
				TEST_TARGET_NAME = SteeringPatterns;
			};
			name = Release;
		};
/* End XCBuildConfiguration section */

/* Begin XCConfigurationList section */
		9D0669B32A4C62B8004DDC4A /* Build configuration list for PBXProject "SteeringPatterns" */ = {
			isa = XCConfigurationList;
			buildConfigurations = (
				9D0669DA2A4C62BA004DDC4A /* Debug */,
				9D0669DB2A4C62BA004DDC4A /* Release */,
			);
			defaultConfigurationIsVisible = 0;
			defaultConfigurationName = Release;
		};
		9D0669DC2A4C62BA004DDC4A /* Build configuration list for PBXNativeTarget "SteeringPatterns" */ = {
			isa = XCConfigurationList;
			buildConfigurations = (
				9D0669DD2A4C62BA004DDC4A /* Debug */,
				9D0669DE2A4C62BA004DDC4A /* Release */,
			);
			defaultConfigurationIsVisible = 0;
			defaultConfigurationName = Release;
		};
		9D0669DF2A4C62BA004DDC4A /* Build configuration list for PBXNativeTarget "SteeringPatternsTests" */ = {
			isa = XCConfigurationList;
			buildConfigurations = (
				9D0669E02A4C62BA004DDC4A /* Debug */,
				9D0669E12A4C62BA004DDC4A /* Release */,
			);
			defaultConfigurationIsVisible = 0;
			defaultConfigurationName = Release;
		};
		9D0669E22A4C62BA004DDC4A /* Build configuration list for PBXNativeTarget "SteeringPatternsUITests" */ = {
			isa = XCConfigurationList;
			buildConfigurations = (
				9D0669E32A4C62BA004DDC4A /* Debug */,
				9D0669E42A4C62BA004DDC4A /* Release */,
			);
			defaultConfigurationIsVisible = 0;
			defaultConfigurationName = Release;
		};
/* End XCConfigurationList section */
	};
	rootObject = 9D0669B02A4C62B8004DDC4A /* Project object */;
}
