// !$*UTF8*$!
{
	archiveVersion = 1;
	classes = {
	};
	objectVersion = 56;
	objects = {

/* Begin PBXBuildFile section */
		9D7CC08C2A99E16700CB296B /* WinApp.swift in Sources */ = {isa = PBXBuildFile; fileRef = 9D7CC08B2A99E16700CB296B /* WinApp.swift */; };
		9D7CC08E2A99E16700CB296B /* ContentView.swift in Sources */ = {isa = PBXBuildFile; fileRef = 9D7CC08D2A99E16700CB296B /* ContentView.swift */; };
		9D7CC0902A99E16700CB296B /* Assets.xcassets in Resources */ = {isa = PBXBuildFile; fileRef = 9D7CC08F2A99E16700CB296B /* Assets.xcassets */; };
		9D7CC0942A99E16700CB296B /* Preview Assets.xcassets in Resources */ = {isa = PBXBuildFile; fileRef = 9D7CC0932A99E16700CB296B /* Preview Assets.xcassets */; };
		9D7D8BCC2A9AE0C000AD9BEA /* ActivityTabView.swift in Sources */ = {isa = PBXBuildFile; fileRef = 9D7D8BCB2A9AE0C000AD9BEA /* ActivityTabView.swift */; };
		9D7D8BCE2A9AE16F00AD9BEA /* HomeView.swift in Sources */ = {isa = PBXBuildFile; fileRef = 9D7D8BCD2A9AE16F00AD9BEA /* HomeView.swift */; };
		9D7D8BD12A9AE1FB00AD9BEA /* ActivityCard.swift in Sources */ = {isa = PBXBuildFile; fileRef = 9D7D8BD02A9AE1FB00AD9BEA /* ActivityCard.swift */; };
		9D7D8BD32A9AE91D00AD9BEA /* HealthManager.swift in Sources */ = {isa = PBXBuildFile; fileRef = 9D7D8BD22A9AE91D00AD9BEA /* HealthManager.swift */; };
		9DAA9AEE2AA0AB6E00A2AC58 /* HeartRateZones.swift in Sources */ = {isa = PBXBuildFile; fileRef = 9DAA9AED2AA0AB6E00A2AC58 /* HeartRateZones.swift */; };
/* End PBXBuildFile section */

/* Begin PBXFileReference section */
		9D7CC0882A99E16700CB296B /* Win.app */ = {isa = PBXFileReference; explicitFileType = wrapper.application; includeInIndex = 0; path = Win.app; sourceTree = BUILT_PRODUCTS_DIR; };
		9D7CC08B2A99E16700CB296B /* WinApp.swift */ = {isa = PBXFileReference; lastKnownFileType = sourcecode.swift; path = WinApp.swift; sourceTree = "<group>"; };
		9D7CC08D2A99E16700CB296B /* ContentView.swift */ = {isa = PBXFileReference; lastKnownFileType = sourcecode.swift; path = ContentView.swift; sourceTree = "<group>"; };
		9D7CC08F2A99E16700CB296B /* Assets.xcassets */ = {isa = PBXFileReference; lastKnownFileType = folder.assetcatalog; path = Assets.xcassets; sourceTree = "<group>"; };
		9D7CC0912A99E16700CB296B /* Win.entitlements */ = {isa = PBXFileReference; lastKnownFileType = text.plist.entitlements; path = Win.entitlements; sourceTree = "<group>"; };
		9D7CC0932A99E16700CB296B /* Preview Assets.xcassets */ = {isa = PBXFileReference; lastKnownFileType = folder.assetcatalog; path = "Preview Assets.xcassets"; sourceTree = "<group>"; };
		9D7D8BCB2A9AE0C000AD9BEA /* ActivityTabView.swift */ = {isa = PBXFileReference; lastKnownFileType = sourcecode.swift; path = ActivityTabView.swift; sourceTree = "<group>"; };
		9D7D8BCD2A9AE16F00AD9BEA /* HomeView.swift */ = {isa = PBXFileReference; lastKnownFileType = sourcecode.swift; path = HomeView.swift; sourceTree = "<group>"; };
		9D7D8BD02A9AE1FB00AD9BEA /* ActivityCard.swift */ = {isa = PBXFileReference; lastKnownFileType = sourcecode.swift; path = ActivityCard.swift; sourceTree = "<group>"; };
		9D7D8BD22A9AE91D00AD9BEA /* HealthManager.swift */ = {isa = PBXFileReference; lastKnownFileType = sourcecode.swift; path = HealthManager.swift; sourceTree = "<group>"; };
		9D7D8BD42A9AEFBB00AD9BEA /* Info.plist */ = {isa = PBXFileReference; lastKnownFileType = text.plist; path = Info.plist; sourceTree = "<group>"; };
		9DAA9AED2AA0AB6E00A2AC58 /* HeartRateZones.swift */ = {isa = PBXFileReference; lastKnownFileType = sourcecode.swift; path = HeartRateZones.swift; sourceTree = "<group>"; };
/* End PBXFileReference section */

/* Begin PBXFrameworksBuildPhase section */
		9D7CC0852A99E16700CB296B /* Frameworks */ = {
			isa = PBXFrameworksBuildPhase;
			buildActionMask = 2147483647;
			files = (
			);
			runOnlyForDeploymentPostprocessing = 0;
		};
/* End PBXFrameworksBuildPhase section */

/* Begin PBXGroup section */
		9D7CC07F2A99E16700CB296B = {
			isa = PBXGroup;
			children = (
				9D7CC08A2A99E16700CB296B /* Win */,
				9D7CC0892A99E16700CB296B /* Products */,
			);
			sourceTree = "<group>";
		};
		9D7CC0892A99E16700CB296B /* Products */ = {
			isa = PBXGroup;
			children = (
				9D7CC0882A99E16700CB296B /* Win.app */,
			);
			name = Products;
			sourceTree = "<group>";
		};
		9D7CC08A2A99E16700CB296B /* Win */ = {
			isa = PBXGroup;
			children = (
				9D7D8BD42A9AEFBB00AD9BEA /* Info.plist */,
				9D7D8BCF2A9AE17500AD9BEA /* Views */,
				9D7CC08B2A99E16700CB296B /* WinApp.swift */,
				9D7CC08F2A99E16700CB296B /* Assets.xcassets */,
				9D7CC0912A99E16700CB296B /* Win.entitlements */,
				9D7CC0922A99E16700CB296B /* Preview Content */,
				9D7D8BD22A9AE91D00AD9BEA /* HealthManager.swift */,
			);
			path = Win;
			sourceTree = "<group>";
		};
		9D7CC0922A99E16700CB296B /* Preview Content */ = {
			isa = PBXGroup;
			children = (
				9D7CC0932A99E16700CB296B /* Preview Assets.xcassets */,
			);
			path = "Preview Content";
			sourceTree = "<group>";
		};
		9D7D8BCF2A9AE17500AD9BEA /* Views */ = {
			isa = PBXGroup;
			children = (
				9D7CC08D2A99E16700CB296B /* ContentView.swift */,
				9D7D8BCB2A9AE0C000AD9BEA /* ActivityTabView.swift */,
				9D7D8BCD2A9AE16F00AD9BEA /* HomeView.swift */,
				9D7D8BD02A9AE1FB00AD9BEA /* ActivityCard.swift */,
				9DAA9AED2AA0AB6E00A2AC58 /* HeartRateZones.swift */,
			);
			path = Views;
			sourceTree = "<group>";
		};
/* End PBXGroup section */

/* Begin PBXNativeTarget section */
		9D7CC0872A99E16700CB296B /* Win */ = {
			isa = PBXNativeTarget;
			buildConfigurationList = 9D7CC0972A99E16700CB296B /* Build configuration list for PBXNativeTarget "Win" */;
			buildPhases = (
				9D7CC0842A99E16700CB296B /* Sources */,
				9D7CC0852A99E16700CB296B /* Frameworks */,
				9D7CC0862A99E16700CB296B /* Resources */,
			);
			buildRules = (
			);
			dependencies = (
			);
			name = Win;
			productName = Win;
			productReference = 9D7CC0882A99E16700CB296B /* Win.app */;
			productType = "com.apple.product-type.application";
		};
/* End PBXNativeTarget section */

/* Begin PBXProject section */
		9D7CC0802A99E16700CB296B /* Project object */ = {
			isa = PBXProject;
			attributes = {
				BuildIndependentTargetsInParallel = 1;
				LastSwiftUpdateCheck = 1430;
				LastUpgradeCheck = 1430;
				TargetAttributes = {
					9D7CC0872A99E16700CB296B = {
						CreatedOnToolsVersion = 14.3.1;
					};
				};
			};
			buildConfigurationList = 9D7CC0832A99E16700CB296B /* Build configuration list for PBXProject "Win" */;
			compatibilityVersion = "Xcode 14.0";
			developmentRegion = en;
			hasScannedForEncodings = 0;
			knownRegions = (
				en,
				Base,
			);
			mainGroup = 9D7CC07F2A99E16700CB296B;
			productRefGroup = 9D7CC0892A99E16700CB296B /* Products */;
			projectDirPath = "";
			projectRoot = "";
			targets = (
				9D7CC0872A99E16700CB296B /* Win */,
			);
		};
/* End PBXProject section */

/* Begin PBXResourcesBuildPhase section */
		9D7CC0862A99E16700CB296B /* Resources */ = {
			isa = PBXResourcesBuildPhase;
			buildActionMask = 2147483647;
			files = (
				9D7CC0942A99E16700CB296B /* Preview Assets.xcassets in Resources */,
				9D7CC0902A99E16700CB296B /* Assets.xcassets in Resources */,
			);
			runOnlyForDeploymentPostprocessing = 0;
		};
/* End PBXResourcesBuildPhase section */

/* Begin PBXSourcesBuildPhase section */
		9D7CC0842A99E16700CB296B /* Sources */ = {
			isa = PBXSourcesBuildPhase;
			buildActionMask = 2147483647;
			files = (
				9D7CC08E2A99E16700CB296B /* ContentView.swift in Sources */,
				9D7D8BD32A9AE91D00AD9BEA /* HealthManager.swift in Sources */,
				9DAA9AEE2AA0AB6E00A2AC58 /* HeartRateZones.swift in Sources */,
				9D7D8BCE2A9AE16F00AD9BEA /* HomeView.swift in Sources */,
				9D7CC08C2A99E16700CB296B /* WinApp.swift in Sources */,
				9D7D8BCC2A9AE0C000AD9BEA /* ActivityTabView.swift in Sources */,
				9D7D8BD12A9AE1FB00AD9BEA /* ActivityCard.swift in Sources */,
			);
			runOnlyForDeploymentPostprocessing = 0;
		};
/* End PBXSourcesBuildPhase section */

/* Begin XCBuildConfiguration section */
		9D7CC0952A99E16700CB296B /* Debug */ = {
			isa = XCBuildConfiguration;
			buildSettings = {
				ALWAYS_SEARCH_USER_PATHS = NO;
				CLANG_ANALYZER_NONNULL = YES;
				CLANG_ANALYZER_NUMBER_OBJECT_CONVERSION = YES_AGGRESSIVE;
				CLANG_CXX_LANGUAGE_STANDARD = "gnu++20";
				CLANG_ENABLE_MODULES = YES;
				CLANG_ENABLE_OBJC_ARC = YES;
				CLANG_ENABLE_OBJC_WEAK = YES;
				CLANG_WARN_BLOCK_CAPTURE_AUTORELEASING = YES;
				CLANG_WARN_BOOL_CONVERSION = YES;
				CLANG_WARN_COMMA = YES;
				CLANG_WARN_CONSTANT_CONVERSION = YES;
				CLANG_WARN_DEPRECATED_OBJC_IMPLEMENTATIONS = YES;
				CLANG_WARN_DIRECT_OBJC_ISA_USAGE = YES_ERROR;
				CLANG_WARN_DOCUMENTATION_COMMENTS = YES;
				CLANG_WARN_EMPTY_BODY = YES;
				CLANG_WARN_ENUM_CONVERSION = YES;
				CLANG_WARN_INFINITE_RECURSION = YES;
				CLANG_WARN_INT_CONVERSION = YES;
				CLANG_WARN_NON_LITERAL_NULL_CONVERSION = YES;
				CLANG_WARN_OBJC_IMPLICIT_RETAIN_SELF = YES;
				CLANG_WARN_OBJC_LITERAL_CONVERSION = YES;
				CLANG_WARN_OBJC_ROOT_CLASS = YES_ERROR;
				CLANG_WARN_QUOTED_INCLUDE_IN_FRAMEWORK_HEADER = YES;
				CLANG_WARN_RANGE_LOOP_ANALYSIS = YES;
				CLANG_WARN_STRICT_PROTOTYPES = YES;
				CLANG_WARN_SUSPICIOUS_MOVE = YES;
				CLANG_WARN_UNGUARDED_AVAILABILITY = YES_AGGRESSIVE;
				CLANG_WARN_UNREACHABLE_CODE = YES;
				CLANG_WARN__DUPLICATE_METHOD_MATCH = YES;
				COPY_PHASE_STRIP = NO;
				DEBUG_INFORMATION_FORMAT = dwarf;
				ENABLE_STRICT_OBJC_MSGSEND = YES;
				ENABLE_TESTABILITY = YES;
				GCC_C_LANGUAGE_STANDARD = gnu11;
				GCC_DYNAMIC_NO_PIC = NO;
				GCC_NO_COMMON_BLOCKS = YES;
				GCC_OPTIMIZATION_LEVEL = 0;
				GCC_PREPROCESSOR_DEFINITIONS = (
					"DEBUG=1",
					"$(inherited)",
				);
				GCC_WARN_64_TO_32_BIT_CONVERSION = YES;
				GCC_WARN_ABOUT_RETURN_TYPE = YES_ERROR;
				GCC_WARN_UNDECLARED_SELECTOR = YES;
				GCC_WARN_UNINITIALIZED_AUTOS = YES_AGGRESSIVE;
				GCC_WARN_UNUSED_FUNCTION = YES;
				GCC_WARN_UNUSED_VARIABLE = YES;
				MTL_ENABLE_DEBUG_INFO = INCLUDE_SOURCE;
				MTL_FAST_MATH = YES;
				ONLY_ACTIVE_ARCH = YES;
				SWIFT_ACTIVE_COMPILATION_CONDITIONS = DEBUG;
				SWIFT_OPTIMIZATION_LEVEL = "-Onone";
			};
			name = Debug;
		};
		9D7CC0962A99E16700CB296B /* Release */ = {
			isa = XCBuildConfiguration;
			buildSettings = {
				ALWAYS_SEARCH_USER_PATHS = NO;
				CLANG_ANALYZER_NONNULL = YES;
				CLANG_ANALYZER_NUMBER_OBJECT_CONVERSION = YES_AGGRESSIVE;
				CLANG_CXX_LANGUAGE_STANDARD = "gnu++20";
				CLANG_ENABLE_MODULES = YES;
				CLANG_ENABLE_OBJC_ARC = YES;
				CLANG_ENABLE_OBJC_WEAK = YES;
				CLANG_WARN_BLOCK_CAPTURE_AUTORELEASING = YES;
				CLANG_WARN_BOOL_CONVERSION = YES;
				CLANG_WARN_COMMA = YES;
				CLANG_WARN_CONSTANT_CONVERSION = YES;
				CLANG_WARN_DEPRECATED_OBJC_IMPLEMENTATIONS = YES;
				CLANG_WARN_DIRECT_OBJC_ISA_USAGE = YES_ERROR;
				CLANG_WARN_DOCUMENTATION_COMMENTS = YES;
				CLANG_WARN_EMPTY_BODY = YES;
				CLANG_WARN_ENUM_CONVERSION = YES;
				CLANG_WARN_INFINITE_RECURSION = YES;
				CLANG_WARN_INT_CONVERSION = YES;
				CLANG_WARN_NON_LITERAL_NULL_CONVERSION = YES;
				CLANG_WARN_OBJC_IMPLICIT_RETAIN_SELF = YES;
				CLANG_WARN_OBJC_LITERAL_CONVERSION = YES;
				CLANG_WARN_OBJC_ROOT_CLASS = YES_ERROR;
				CLANG_WARN_QUOTED_INCLUDE_IN_FRAMEWORK_HEADER = YES;
				CLANG_WARN_RANGE_LOOP_ANALYSIS = YES;
				CLANG_WARN_STRICT_PROTOTYPES = YES;
				CLANG_WARN_SUSPICIOUS_MOVE = YES;
				CLANG_WARN_UNGUARDED_AVAILABILITY = YES_AGGRESSIVE;
				CLANG_WARN_UNREACHABLE_CODE = YES;
				CLANG_WARN__DUPLICATE_METHOD_MATCH = YES;
				COPY_PHASE_STRIP = NO;
				DEBUG_INFORMATION_FORMAT = "dwarf-with-dsym";
				ENABLE_NS_ASSERTIONS = NO;
				ENABLE_STRICT_OBJC_MSGSEND = YES;
				GCC_C_LANGUAGE_STANDARD = gnu11;
				GCC_NO_COMMON_BLOCKS = YES;
				GCC_WARN_64_TO_32_BIT_CONVERSION = YES;
				GCC_WARN_ABOUT_RETURN_TYPE = YES_ERROR;
				GCC_WARN_UNDECLARED_SELECTOR = YES;
				GCC_WARN_UNINITIALIZED_AUTOS = YES_AGGRESSIVE;
				GCC_WARN_UNUSED_FUNCTION = YES;
				GCC_WARN_UNUSED_VARIABLE = YES;
				MTL_ENABLE_DEBUG_INFO = NO;
				MTL_FAST_MATH = YES;
				SWIFT_COMPILATION_MODE = wholemodule;
				SWIFT_OPTIMIZATION_LEVEL = "-O";
			};
			name = Release;
		};
		9D7CC0982A99E16700CB296B /* Debug */ = {
			isa = XCBuildConfiguration;
			buildSettings = {
				ASSETCATALOG_COMPILER_APPICON_NAME = AppIcon;
				ASSETCATALOG_COMPILER_GLOBAL_ACCENT_COLOR_NAME = AccentColor;
				CODE_SIGN_ENTITLEMENTS = Win/Win.entitlements;
				CODE_SIGN_STYLE = Automatic;
				CURRENT_PROJECT_VERSION = 1;
				DEVELOPMENT_ASSET_PATHS = "\"Win/Preview Content\"";
				DEVELOPMENT_TEAM = Z9CKL84U99;
				ENABLE_HARDENED_RUNTIME = YES;
				ENABLE_PREVIEWS = YES;
				GENERATE_INFOPLIST_FILE = YES;
				INFOPLIST_FILE = Win/Info.plist;
				INFOPLIST_KEY_NSHealthShareUsageDescription = "Please allow access to enjoy all the features of application";
				"INFOPLIST_KEY_UIApplicationSceneManifest_Generation[sdk=iphoneos*]" = YES;
				"INFOPLIST_KEY_UIApplicationSceneManifest_Generation[sdk=iphonesimulator*]" = YES;
				"INFOPLIST_KEY_UIApplicationSupportsIndirectInputEvents[sdk=iphoneos*]" = YES;
				"INFOPLIST_KEY_UIApplicationSupportsIndirectInputEvents[sdk=iphonesimulator*]" = YES;
				"INFOPLIST_KEY_UILaunchScreen_Generation[sdk=iphoneos*]" = YES;
				"INFOPLIST_KEY_UILaunchScreen_Generation[sdk=iphonesimulator*]" = YES;
				"INFOPLIST_KEY_UIStatusBarStyle[sdk=iphoneos*]" = UIStatusBarStyleDefault;
				"INFOPLIST_KEY_UIStatusBarStyle[sdk=iphonesimulator*]" = UIStatusBarStyleDefault;
				INFOPLIST_KEY_UISupportedInterfaceOrientations_iPad = "UIInterfaceOrientationPortrait UIInterfaceOrientationPortraitUpsideDown UIInterfaceOrientationLandscapeLeft UIInterfaceOrientationLandscapeRight";
				INFOPLIST_KEY_UISupportedInterfaceOrientations_iPhone = "UIInterfaceOrientationPortrait UIInterfaceOrientationLandscapeLeft UIInterfaceOrientationLandscapeRight";
				IPHONEOS_DEPLOYMENT_TARGET = 16.4;
				LD_RUNPATH_SEARCH_PATHS = "@executable_path/Frameworks";
				"LD_RUNPATH_SEARCH_PATHS[sdk=macosx*]" = "@executable_path/../Frameworks";
				MACOSX_DEPLOYMENT_TARGET = 13.3;
				MARKETING_VERSION = 1.0;
				PRODUCT_BUNDLE_IDENTIFIER = com.yeomanIndustries.Win;
				PRODUCT_NAME = "$(TARGET_NAME)";
				SDKROOT = auto;
				SUPPORTED_PLATFORMS = "iphoneos iphonesimulator macosx";
				SWIFT_EMIT_LOC_STRINGS = YES;
				SWIFT_VERSION = 5.0;
				TARGETED_DEVICE_FAMILY = "1,2";
			};
			name = Debug;
		};
		9D7CC0992A99E16700CB296B /* Release */ = {
			isa = XCBuildConfiguration;
			buildSettings = {
				ASSETCATALOG_COMPILER_APPICON_NAME = AppIcon;
				ASSETCATALOG_COMPILER_GLOBAL_ACCENT_COLOR_NAME = AccentColor;
				CODE_SIGN_ENTITLEMENTS = Win/Win.entitlements;
				CODE_SIGN_STYLE = Automatic;
				CURRENT_PROJECT_VERSION = 1;
				DEVELOPMENT_ASSET_PATHS = "\"Win/Preview Content\"";
				DEVELOPMENT_TEAM = Z9CKL84U99;
				ENABLE_HARDENED_RUNTIME = YES;
				ENABLE_PREVIEWS = YES;
				GENERATE_INFOPLIST_FILE = YES;
				INFOPLIST_FILE = Win/Info.plist;
				INFOPLIST_KEY_NSHealthShareUsageDescription = "Please allow access to enjoy all the features of application";
				"INFOPLIST_KEY_UIApplicationSceneManifest_Generation[sdk=iphoneos*]" = YES;
				"INFOPLIST_KEY_UIApplicationSceneManifest_Generation[sdk=iphonesimulator*]" = YES;
				"INFOPLIST_KEY_UIApplicationSupportsIndirectInputEvents[sdk=iphoneos*]" = YES;
				"INFOPLIST_KEY_UIApplicationSupportsIndirectInputEvents[sdk=iphonesimulator*]" = YES;
				"INFOPLIST_KEY_UILaunchScreen_Generation[sdk=iphoneos*]" = YES;
				"INFOPLIST_KEY_UILaunchScreen_Generation[sdk=iphonesimulator*]" = YES;
				"INFOPLIST_KEY_UIStatusBarStyle[sdk=iphoneos*]" = UIStatusBarStyleDefault;
				"INFOPLIST_KEY_UIStatusBarStyle[sdk=iphonesimulator*]" = UIStatusBarStyleDefault;
				INFOPLIST_KEY_UISupportedInterfaceOrientations_iPad = "UIInterfaceOrientationPortrait UIInterfaceOrientationPortraitUpsideDown UIInterfaceOrientationLandscapeLeft UIInterfaceOrientationLandscapeRight";
				INFOPLIST_KEY_UISupportedInterfaceOrientations_iPhone = "UIInterfaceOrientationPortrait UIInterfaceOrientationLandscapeLeft UIInterfaceOrientationLandscapeRight";
				IPHONEOS_DEPLOYMENT_TARGET = 16.4;
				LD_RUNPATH_SEARCH_PATHS = "@executable_path/Frameworks";
				"LD_RUNPATH_SEARCH_PATHS[sdk=macosx*]" = "@executable_path/../Frameworks";
				MACOSX_DEPLOYMENT_TARGET = 13.3;
				MARKETING_VERSION = 1.0;
				PRODUCT_BUNDLE_IDENTIFIER = com.yeomanIndustries.Win;
				PRODUCT_NAME = "$(TARGET_NAME)";
				SDKROOT = auto;
				SUPPORTED_PLATFORMS = "iphoneos iphonesimulator macosx";
				SWIFT_EMIT_LOC_STRINGS = YES;
				SWIFT_VERSION = 5.0;
				TARGETED_DEVICE_FAMILY = "1,2";
			};
			name = Release;
		};
/* End XCBuildConfiguration section */

/* Begin XCConfigurationList section */
		9D7CC0832A99E16700CB296B /* Build configuration list for PBXProject "Win" */ = {
			isa = XCConfigurationList;
			buildConfigurations = (
				9D7CC0952A99E16700CB296B /* Debug */,
				9D7CC0962A99E16700CB296B /* Release */,
			);
			defaultConfigurationIsVisible = 0;
			defaultConfigurationName = Release;
		};
		9D7CC0972A99E16700CB296B /* Build configuration list for PBXNativeTarget "Win" */ = {
			isa = XCConfigurationList;
			buildConfigurations = (
				9D7CC0982A99E16700CB296B /* Debug */,
				9D7CC0992A99E16700CB296B /* Release */,
			);
			defaultConfigurationIsVisible = 0;
			defaultConfigurationName = Release;
		};
/* End XCConfigurationList section */
	};
	rootObject = 9D7CC0802A99E16700CB296B /* Project object */;
}
