// !$*UTF8*$!
{
	archiveVersion = 1;
	classes = {
	};
	objectVersion = 55;
	objects = {

/* Begin PBXBuildFile section */
		9D2696602A4AED4400948953 /* PokemonImage.swift in Sources */ = {isa = PBXBuildFile; fileRef = 9D26965F2A4AED4400948953 /* PokemonImage.swift */; };
		9D2696642A4AF3F500948953 /* PokemonCard.swift in Sources */ = {isa = PBXBuildFile; fileRef = 9D2696632A4AF3F500948953 /* PokemonCard.swift */; };
		9D64FA942A49C613003CFC91 /* PokemonSelected.swift in Sources */ = {isa = PBXBuildFile; fileRef = 9D64FA932A49C613003CFC91 /* PokemonSelected.swift */; };
		9D8379AE2A48260B00CF355A /* JSwizzle_PokedexApp.swift in Sources */ = {isa = PBXBuildFile; fileRef = 9D8379AD2A48260B00CF355A /* JSwizzle_PokedexApp.swift */; };
		9D8379B02A48260B00CF355A /* ContentView.swift in Sources */ = {isa = PBXBuildFile; fileRef = 9D8379AF2A48260B00CF355A /* ContentView.swift */; };
		9D8379B22A48260D00CF355A /* Assets.xcassets in Resources */ = {isa = PBXBuildFile; fileRef = 9D8379B12A48260D00CF355A /* Assets.xcassets */; };
		9D8379B52A48260D00CF355A /* Preview Assets.xcassets in Resources */ = {isa = PBXBuildFile; fileRef = 9D8379B42A48260D00CF355A /* Preview Assets.xcassets */; };
		9D8379DA2A48271500CF355A /* Pokemon.swift in Sources */ = {isa = PBXBuildFile; fileRef = 9D8379D92A48271500CF355A /* Pokemon.swift */; };
/* End PBXBuildFile section */

/* Begin PBXContainerItemProxy section */
		9D8379BB2A48260D00CF355A /* PBXContainerItemProxy */ = {
			isa = PBXContainerItemProxy;
			containerPortal = 9D8379A22A48260A00CF355A /* Project object */;
			proxyType = 1;
			remoteGlobalIDString = 9D8379A92A48260B00CF355A;
			remoteInfo = "JSwizzle-Pokedex";
		};
		9D8379C52A48260D00CF355A /* PBXContainerItemProxy */ = {
			isa = PBXContainerItemProxy;
			containerPortal = 9D8379A22A48260A00CF355A /* Project object */;
			proxyType = 1;
			remoteGlobalIDString = 9D8379A92A48260B00CF355A;
			remoteInfo = "JSwizzle-Pokedex";
		};
/* End PBXContainerItemProxy section */

/* Begin PBXFileReference section */
		9D26965F2A4AED4400948953 /* PokemonImage.swift */ = {isa = PBXFileReference; lastKnownFileType = sourcecode.swift; path = PokemonImage.swift; sourceTree = "<group>"; };
		9D2696632A4AF3F500948953 /* PokemonCard.swift */ = {isa = PBXFileReference; lastKnownFileType = sourcecode.swift; path = PokemonCard.swift; sourceTree = "<group>"; };
		9D64FA932A49C613003CFC91 /* PokemonSelected.swift */ = {isa = PBXFileReference; lastKnownFileType = sourcecode.swift; path = PokemonSelected.swift; sourceTree = "<group>"; };
		9D8379AA2A48260B00CF355A /* JSwizzle-Pokedex.app */ = {isa = PBXFileReference; explicitFileType = wrapper.application; includeInIndex = 0; path = "JSwizzle-Pokedex.app"; sourceTree = BUILT_PRODUCTS_DIR; };
		9D8379AD2A48260B00CF355A /* JSwizzle_PokedexApp.swift */ = {isa = PBXFileReference; lastKnownFileType = sourcecode.swift; path = JSwizzle_PokedexApp.swift; sourceTree = "<group>"; };
		9D8379AF2A48260B00CF355A /* ContentView.swift */ = {isa = PBXFileReference; lastKnownFileType = sourcecode.swift; path = ContentView.swift; sourceTree = "<group>"; };
		9D8379B12A48260D00CF355A /* Assets.xcassets */ = {isa = PBXFileReference; lastKnownFileType = folder.assetcatalog; path = Assets.xcassets; sourceTree = "<group>"; };
		9D8379B42A48260D00CF355A /* Preview Assets.xcassets */ = {isa = PBXFileReference; lastKnownFileType = folder.assetcatalog; path = "Preview Assets.xcassets"; sourceTree = "<group>"; };
		9D8379BA2A48260D00CF355A /* JSwizzle-PokedexTests.xctest */ = {isa = PBXFileReference; explicitFileType = wrapper.cfbundle; includeInIndex = 0; path = "JSwizzle-PokedexTests.xctest"; sourceTree = BUILT_PRODUCTS_DIR; };
		9D8379C42A48260D00CF355A /* JSwizzle-PokedexUITests.xctest */ = {isa = PBXFileReference; explicitFileType = wrapper.cfbundle; includeInIndex = 0; path = "JSwizzle-PokedexUITests.xctest"; sourceTree = BUILT_PRODUCTS_DIR; };
		9D8379D92A48271500CF355A /* Pokemon.swift */ = {isa = PBXFileReference; lastKnownFileType = sourcecode.swift; path = Pokemon.swift; sourceTree = "<group>"; };
/* End PBXFileReference section */

/* Begin PBXFrameworksBuildPhase section */
		9D8379A72A48260B00CF355A /* Frameworks */ = {
			isa = PBXFrameworksBuildPhase;
			buildActionMask = 2147483647;
			files = (
			);
			runOnlyForDeploymentPostprocessing = 0;
		};
		9D8379B72A48260D00CF355A /* Frameworks */ = {
			isa = PBXFrameworksBuildPhase;
			buildActionMask = 2147483647;
			files = (
			);
			runOnlyForDeploymentPostprocessing = 0;
		};
		9D8379C12A48260D00CF355A /* Frameworks */ = {
			isa = PBXFrameworksBuildPhase;
			buildActionMask = 2147483647;
			files = (
			);
			runOnlyForDeploymentPostprocessing = 0;
		};
/* End PBXFrameworksBuildPhase section */

/* Begin PBXGroup section */
		9D8379A12A48260A00CF355A = {
			isa = PBXGroup;
			children = (
				9D8379AC2A48260B00CF355A /* JSwizzle-Pokedex */,
				9D8379AB2A48260B00CF355A /* Products */,
			);
			sourceTree = "<group>";
		};
		9D8379AB2A48260B00CF355A /* Products */ = {
			isa = PBXGroup;
			children = (
				9D8379AA2A48260B00CF355A /* JSwizzle-Pokedex.app */,
				9D8379BA2A48260D00CF355A /* JSwizzle-PokedexTests.xctest */,
				9D8379C42A48260D00CF355A /* JSwizzle-PokedexUITests.xctest */,
			);
			name = Products;
			sourceTree = "<group>";
		};
		9D8379AC2A48260B00CF355A /* JSwizzle-Pokedex */ = {
			isa = PBXGroup;
			children = (
				9D8379AD2A48260B00CF355A /* JSwizzle_PokedexApp.swift */,
				9D8379D72A4826E900CF355A /* Views */,
				9D8379D82A48270000CF355A /* Api */,
				9D8379B12A48260D00CF355A /* Assets.xcassets */,
				9D8379B32A48260D00CF355A /* Preview Content */,
			);
			path = "JSwizzle-Pokedex";
			sourceTree = "<group>";
		};
		9D8379B32A48260D00CF355A /* Preview Content */ = {
			isa = PBXGroup;
			children = (
				9D8379B42A48260D00CF355A /* Preview Assets.xcassets */,
			);
			path = "Preview Content";
			sourceTree = "<group>";
		};
		9D8379D72A4826E900CF355A /* Views */ = {
			isa = PBXGroup;
			children = (
				9D8379AF2A48260B00CF355A /* ContentView.swift */,
				9D2696632A4AF3F500948953 /* PokemonCard.swift */,
				9D26965F2A4AED4400948953 /* PokemonImage.swift */,
			);
			path = Views;
			sourceTree = "<group>";
		};
		9D8379D82A48270000CF355A /* Api */ = {
			isa = PBXGroup;
			children = (
				9D8379D92A48271500CF355A /* Pokemon.swift */,
				9D64FA932A49C613003CFC91 /* PokemonSelected.swift */,
			);
			path = Api;
			sourceTree = "<group>";
		};
/* End PBXGroup section */

/* Begin PBXNativeTarget section */
		9D8379A92A48260B00CF355A /* JSwizzle-Pokedex */ = {
			isa = PBXNativeTarget;
			buildConfigurationList = 9D8379CE2A48260D00CF355A /* Build configuration list for PBXNativeTarget "JSwizzle-Pokedex" */;
			buildPhases = (
				9D8379A62A48260B00CF355A /* Sources */,
				9D8379A72A48260B00CF355A /* Frameworks */,
				9D8379A82A48260B00CF355A /* Resources */,
			);
			buildRules = (
			);
			dependencies = (
			);
			name = "JSwizzle-Pokedex";
			productName = "JSwizzle-Pokedex";
			productReference = 9D8379AA2A48260B00CF355A /* JSwizzle-Pokedex.app */;
			productType = "com.apple.product-type.application";
		};
		9D8379B92A48260D00CF355A /* JSwizzle-PokedexTests */ = {
			isa = PBXNativeTarget;
			buildConfigurationList = 9D8379D12A48260D00CF355A /* Build configuration list for PBXNativeTarget "JSwizzle-PokedexTests" */;
			buildPhases = (
				9D8379B62A48260D00CF355A /* Sources */,
				9D8379B72A48260D00CF355A /* Frameworks */,
				9D8379B82A48260D00CF355A /* Resources */,
			);
			buildRules = (
			);
			dependencies = (
				9D8379BC2A48260D00CF355A /* PBXTargetDependency */,
			);
			name = "JSwizzle-PokedexTests";
			productName = "JSwizzle-PokedexTests";
			productReference = 9D8379BA2A48260D00CF355A /* JSwizzle-PokedexTests.xctest */;
			productType = "com.apple.product-type.bundle.unit-test";
		};
		9D8379C32A48260D00CF355A /* JSwizzle-PokedexUITests */ = {
			isa = PBXNativeTarget;
			buildConfigurationList = 9D8379D42A48260D00CF355A /* Build configuration list for PBXNativeTarget "JSwizzle-PokedexUITests" */;
			buildPhases = (
				9D8379C02A48260D00CF355A /* Sources */,
				9D8379C12A48260D00CF355A /* Frameworks */,
				9D8379C22A48260D00CF355A /* Resources */,
			);
			buildRules = (
			);
			dependencies = (
				9D8379C62A48260D00CF355A /* PBXTargetDependency */,
			);
			name = "JSwizzle-PokedexUITests";
			productName = "JSwizzle-PokedexUITests";
			productReference = 9D8379C42A48260D00CF355A /* JSwizzle-PokedexUITests.xctest */;
			productType = "com.apple.product-type.bundle.ui-testing";
		};
/* End PBXNativeTarget section */

/* Begin PBXProject section */
		9D8379A22A48260A00CF355A /* Project object */ = {
			isa = PBXProject;
			attributes = {
				BuildIndependentTargetsInParallel = 1;
				LastSwiftUpdateCheck = 1340;
				LastUpgradeCheck = 1340;
				TargetAttributes = {
					9D8379A92A48260B00CF355A = {
						CreatedOnToolsVersion = 13.4.1;
					};
					9D8379B92A48260D00CF355A = {
						CreatedOnToolsVersion = 13.4.1;
						TestTargetID = 9D8379A92A48260B00CF355A;
					};
					9D8379C32A48260D00CF355A = {
						CreatedOnToolsVersion = 13.4.1;
						TestTargetID = 9D8379A92A48260B00CF355A;
					};
				};
			};
			buildConfigurationList = 9D8379A52A48260A00CF355A /* Build configuration list for PBXProject "JSwizzle-Pokedex" */;
			compatibilityVersion = "Xcode 13.0";
			developmentRegion = en;
			hasScannedForEncodings = 0;
			knownRegions = (
				en,
				Base,
			);
			mainGroup = 9D8379A12A48260A00CF355A;
			productRefGroup = 9D8379AB2A48260B00CF355A /* Products */;
			projectDirPath = "";
			projectRoot = "";
			targets = (
				9D8379A92A48260B00CF355A /* JSwizzle-Pokedex */,
				9D8379B92A48260D00CF355A /* JSwizzle-PokedexTests */,
				9D8379C32A48260D00CF355A /* JSwizzle-PokedexUITests */,
			);
		};
/* End PBXProject section */

/* Begin PBXResourcesBuildPhase section */
		9D8379A82A48260B00CF355A /* Resources */ = {
			isa = PBXResourcesBuildPhase;
			buildActionMask = 2147483647;
			files = (
				9D8379B52A48260D00CF355A /* Preview Assets.xcassets in Resources */,
				9D8379B22A48260D00CF355A /* Assets.xcassets in Resources */,
			);
			runOnlyForDeploymentPostprocessing = 0;
		};
		9D8379B82A48260D00CF355A /* Resources */ = {
			isa = PBXResourcesBuildPhase;
			buildActionMask = 2147483647;
			files = (
			);
			runOnlyForDeploymentPostprocessing = 0;
		};
		9D8379C22A48260D00CF355A /* Resources */ = {
			isa = PBXResourcesBuildPhase;
			buildActionMask = 2147483647;
			files = (
			);
			runOnlyForDeploymentPostprocessing = 0;
		};
/* End PBXResourcesBuildPhase section */

/* Begin PBXSourcesBuildPhase section */
		9D8379A62A48260B00CF355A /* Sources */ = {
			isa = PBXSourcesBuildPhase;
			buildActionMask = 2147483647;
			files = (
				9D8379B02A48260B00CF355A /* ContentView.swift in Sources */,
				9D2696642A4AF3F500948953 /* PokemonCard.swift in Sources */,
				9D2696602A4AED4400948953 /* PokemonImage.swift in Sources */,
				9D8379AE2A48260B00CF355A /* JSwizzle_PokedexApp.swift in Sources */,
				9D64FA942A49C613003CFC91 /* PokemonSelected.swift in Sources */,
				9D8379DA2A48271500CF355A /* Pokemon.swift in Sources */,
			);
			runOnlyForDeploymentPostprocessing = 0;
		};
		9D8379B62A48260D00CF355A /* Sources */ = {
			isa = PBXSourcesBuildPhase;
			buildActionMask = 2147483647;
			files = (
			);
			runOnlyForDeploymentPostprocessing = 0;
		};
		9D8379C02A48260D00CF355A /* Sources */ = {
			isa = PBXSourcesBuildPhase;
			buildActionMask = 2147483647;
			files = (
			);
			runOnlyForDeploymentPostprocessing = 0;
		};
/* End PBXSourcesBuildPhase section */

/* Begin PBXTargetDependency section */
		9D8379BC2A48260D00CF355A /* PBXTargetDependency */ = {
			isa = PBXTargetDependency;
			target = 9D8379A92A48260B00CF355A /* JSwizzle-Pokedex */;
			targetProxy = 9D8379BB2A48260D00CF355A /* PBXContainerItemProxy */;
		};
		9D8379C62A48260D00CF355A /* PBXTargetDependency */ = {
			isa = PBXTargetDependency;
			target = 9D8379A92A48260B00CF355A /* JSwizzle-Pokedex */;
			targetProxy = 9D8379C52A48260D00CF355A /* PBXContainerItemProxy */;
		};
/* End PBXTargetDependency section */

/* Begin XCBuildConfiguration section */
		9D8379CC2A48260D00CF355A /* Debug */ = {
			isa = XCBuildConfiguration;
			buildSettings = {
				ALWAYS_SEARCH_USER_PATHS = NO;
				CLANG_ANALYZER_NONNULL = YES;
				CLANG_ANALYZER_NUMBER_OBJECT_CONVERSION = YES_AGGRESSIVE;
				CLANG_CXX_LANGUAGE_STANDARD = "gnu++17";
				CLANG_ENABLE_MODULES = YES;
				CLANG_ENABLE_OBJC_ARC = YES;
				CLANG_ENABLE_OBJC_WEAK = YES;
				CLANG_WARN_BLOCK_CAPTURE_AUTORELEASING = YES;
				CLANG_WARN_BOOL_CONVERSION = YES;
				CLANG_WARN_COMMA = YES;
				CLANG_WARN_CONSTANT_CONVERSION = YES;
				CLANG_WARN_DEPRECATED_OBJC_IMPLEMENTATIONS = YES;
				CLANG_WARN_DIRECT_OBJC_ISA_USAGE = YES_ERROR;
				CLANG_WARN_DOCUMENTATION_COMMENTS = YES;
				CLANG_WARN_EMPTY_BODY = YES;
				CLANG_WARN_ENUM_CONVERSION = YES;
				CLANG_WARN_INFINITE_RECURSION = YES;
				CLANG_WARN_INT_CONVERSION = YES;
				CLANG_WARN_NON_LITERAL_NULL_CONVERSION = YES;
				CLANG_WARN_OBJC_IMPLICIT_RETAIN_SELF = YES;
				CLANG_WARN_OBJC_LITERAL_CONVERSION = YES;
				CLANG_WARN_OBJC_ROOT_CLASS = YES_ERROR;
				CLANG_WARN_QUOTED_INCLUDE_IN_FRAMEWORK_HEADER = YES;
				CLANG_WARN_RANGE_LOOP_ANALYSIS = YES;
				CLANG_WARN_STRICT_PROTOTYPES = YES;
				CLANG_WARN_SUSPICIOUS_MOVE = YES;
				CLANG_WARN_UNGUARDED_AVAILABILITY = YES_AGGRESSIVE;
				CLANG_WARN_UNREACHABLE_CODE = YES;
				CLANG_WARN__DUPLICATE_METHOD_MATCH = YES;
				COPY_PHASE_STRIP = NO;
				DEBUG_INFORMATION_FORMAT = dwarf;
				ENABLE_STRICT_OBJC_MSGSEND = YES;
				ENABLE_TESTABILITY = YES;
				GCC_C_LANGUAGE_STANDARD = gnu11;
				GCC_DYNAMIC_NO_PIC = NO;
				GCC_NO_COMMON_BLOCKS = YES;
				GCC_OPTIMIZATION_LEVEL = 0;
				GCC_PREPROCESSOR_DEFINITIONS = (
					"DEBUG=1",
					"$(inherited)",
				);
				GCC_WARN_64_TO_32_BIT_CONVERSION = YES;
				GCC_WARN_ABOUT_RETURN_TYPE = YES_ERROR;
				GCC_WARN_UNDECLARED_SELECTOR = YES;
				GCC_WARN_UNINITIALIZED_AUTOS = YES_AGGRESSIVE;
				GCC_WARN_UNUSED_FUNCTION = YES;
				GCC_WARN_UNUSED_VARIABLE = YES;
				IPHONEOS_DEPLOYMENT_TARGET = 15.5;
				MTL_ENABLE_DEBUG_INFO = INCLUDE_SOURCE;
				MTL_FAST_MATH = YES;
				ONLY_ACTIVE_ARCH = YES;
				SDKROOT = iphoneos;
				SWIFT_ACTIVE_COMPILATION_CONDITIONS = DEBUG;
				SWIFT_OPTIMIZATION_LEVEL = "-Onone";
			};
			name = Debug;
		};
		9D8379CD2A48260D00CF355A /* Release */ = {
			isa = XCBuildConfiguration;
			buildSettings = {
				ALWAYS_SEARCH_USER_PATHS = NO;
				CLANG_ANALYZER_NONNULL = YES;
				CLANG_ANALYZER_NUMBER_OBJECT_CONVERSION = YES_AGGRESSIVE;
				CLANG_CXX_LANGUAGE_STANDARD = "gnu++17";
				CLANG_ENABLE_MODULES = YES;
				CLANG_ENABLE_OBJC_ARC = YES;
				CLANG_ENABLE_OBJC_WEAK = YES;
				CLANG_WARN_BLOCK_CAPTURE_AUTORELEASING = YES;
				CLANG_WARN_BOOL_CONVERSION = YES;
				CLANG_WARN_COMMA = YES;
				CLANG_WARN_CONSTANT_CONVERSION = YES;
				CLANG_WARN_DEPRECATED_OBJC_IMPLEMENTATIONS = YES;
				CLANG_WARN_DIRECT_OBJC_ISA_USAGE = YES_ERROR;
				CLANG_WARN_DOCUMENTATION_COMMENTS = YES;
				CLANG_WARN_EMPTY_BODY = YES;
				CLANG_WARN_ENUM_CONVERSION = YES;
				CLANG_WARN_INFINITE_RECURSION = YES;
				CLANG_WARN_INT_CONVERSION = YES;
				CLANG_WARN_NON_LITERAL_NULL_CONVERSION = YES;
				CLANG_WARN_OBJC_IMPLICIT_RETAIN_SELF = YES;
				CLANG_WARN_OBJC_LITERAL_CONVERSION = YES;
				CLANG_WARN_OBJC_ROOT_CLASS = YES_ERROR;
				CLANG_WARN_QUOTED_INCLUDE_IN_FRAMEWORK_HEADER = YES;
				CLANG_WARN_RANGE_LOOP_ANALYSIS = YES;
				CLANG_WARN_STRICT_PROTOTYPES = YES;
				CLANG_WARN_SUSPICIOUS_MOVE = YES;
				CLANG_WARN_UNGUARDED_AVAILABILITY = YES_AGGRESSIVE;
				CLANG_WARN_UNREACHABLE_CODE = YES;
				CLANG_WARN__DUPLICATE_METHOD_MATCH = YES;
				COPY_PHASE_STRIP = NO;
				DEBUG_INFORMATION_FORMAT = "dwarf-with-dsym";
				ENABLE_NS_ASSERTIONS = NO;
				ENABLE_STRICT_OBJC_MSGSEND = YES;
				GCC_C_LANGUAGE_STANDARD = gnu11;
				GCC_NO_COMMON_BLOCKS = YES;
				GCC_WARN_64_TO_32_BIT_CONVERSION = YES;
				GCC_WARN_ABOUT_RETURN_TYPE = YES_ERROR;
				GCC_WARN_UNDECLARED_SELECTOR = YES;
				GCC_WARN_UNINITIALIZED_AUTOS = YES_AGGRESSIVE;
				GCC_WARN_UNUSED_FUNCTION = YES;
				GCC_WARN_UNUSED_VARIABLE = YES;
				IPHONEOS_DEPLOYMENT_TARGET = 15.5;
				MTL_ENABLE_DEBUG_INFO = NO;
				MTL_FAST_MATH = YES;
				SDKROOT = iphoneos;
				SWIFT_COMPILATION_MODE = wholemodule;
				SWIFT_OPTIMIZATION_LEVEL = "-O";
				VALIDATE_PRODUCT = YES;
			};
			name = Release;
		};
		9D8379CF2A48260D00CF355A /* Debug */ = {
			isa = XCBuildConfiguration;
			buildSettings = {
				ASSETCATALOG_COMPILER_APPICON_NAME = AppIcon;
				ASSETCATALOG_COMPILER_GLOBAL_ACCENT_COLOR_NAME = AccentColor;
				CODE_SIGN_STYLE = Automatic;
				CURRENT_PROJECT_VERSION = 1;
				DEVELOPMENT_ASSET_PATHS = "\"JSwizzle-Pokedex/Preview Content\"";
				DEVELOPMENT_TEAM = Z9CKL84U99;
				ENABLE_PREVIEWS = YES;
				GENERATE_INFOPLIST_FILE = YES;
				INFOPLIST_KEY_UIApplicationSceneManifest_Generation = YES;
				INFOPLIST_KEY_UIApplicationSupportsIndirectInputEvents = YES;
				INFOPLIST_KEY_UILaunchScreen_Generation = YES;
				INFOPLIST_KEY_UISupportedInterfaceOrientations_iPad = "UIInterfaceOrientationPortrait UIInterfaceOrientationPortraitUpsideDown UIInterfaceOrientationLandscapeLeft UIInterfaceOrientationLandscapeRight";
				INFOPLIST_KEY_UISupportedInterfaceOrientations_iPhone = "UIInterfaceOrientationPortrait UIInterfaceOrientationLandscapeLeft UIInterfaceOrientationLandscapeRight";
				LD_RUNPATH_SEARCH_PATHS = (
					"$(inherited)",
					"@executable_path/Frameworks",
				);
				MARKETING_VERSION = 1.0;
				PRODUCT_BUNDLE_IDENTIFIER = "LezGo.JSwizzle-Pokedex";
				PRODUCT_NAME = "$(TARGET_NAME)";
				SWIFT_EMIT_LOC_STRINGS = YES;
				SWIFT_VERSION = 5.0;
				TARGETED_DEVICE_FAMILY = "1,2";
			};
			name = Debug;
		};
		9D8379D02A48260D00CF355A /* Release */ = {
			isa = XCBuildConfiguration;
			buildSettings = {
				ASSETCATALOG_COMPILER_APPICON_NAME = AppIcon;
				ASSETCATALOG_COMPILER_GLOBAL_ACCENT_COLOR_NAME = AccentColor;
				CODE_SIGN_STYLE = Automatic;
				CURRENT_PROJECT_VERSION = 1;
				DEVELOPMENT_ASSET_PATHS = "\"JSwizzle-Pokedex/Preview Content\"";
				DEVELOPMENT_TEAM = Z9CKL84U99;
				ENABLE_PREVIEWS = YES;
				GENERATE_INFOPLIST_FILE = YES;
				INFOPLIST_KEY_UIApplicationSceneManifest_Generation = YES;
				INFOPLIST_KEY_UIApplicationSupportsIndirectInputEvents = YES;
				INFOPLIST_KEY_UILaunchScreen_Generation = YES;
				INFOPLIST_KEY_UISupportedInterfaceOrientations_iPad = "UIInterfaceOrientationPortrait UIInterfaceOrientationPortraitUpsideDown UIInterfaceOrientationLandscapeLeft UIInterfaceOrientationLandscapeRight";
				INFOPLIST_KEY_UISupportedInterfaceOrientations_iPhone = "UIInterfaceOrientationPortrait UIInterfaceOrientationLandscapeLeft UIInterfaceOrientationLandscapeRight";
				LD_RUNPATH_SEARCH_PATHS = (
					"$(inherited)",
					"@executable_path/Frameworks",
				);
				MARKETING_VERSION = 1.0;
				PRODUCT_BUNDLE_IDENTIFIER = "LezGo.JSwizzle-Pokedex";
				PRODUCT_NAME = "$(TARGET_NAME)";
				SWIFT_EMIT_LOC_STRINGS = YES;
				SWIFT_VERSION = 5.0;
				TARGETED_DEVICE_FAMILY = "1,2";
			};
			name = Release;
		};
		9D8379D22A48260D00CF355A /* Debug */ = {
			isa = XCBuildConfiguration;
			buildSettings = {
				ALWAYS_EMBED_SWIFT_STANDARD_LIBRARIES = YES;
				BUNDLE_LOADER = "$(TEST_HOST)";
				CODE_SIGN_STYLE = Automatic;
				CURRENT_PROJECT_VERSION = 1;
				DEVELOPMENT_TEAM = Z9CKL84U99;
				GENERATE_INFOPLIST_FILE = YES;
				IPHONEOS_DEPLOYMENT_TARGET = 15.5;
				MARKETING_VERSION = 1.0;
				PRODUCT_BUNDLE_IDENTIFIER = "LezGo.JSwizzle-PokedexTests";
				PRODUCT_NAME = "$(TARGET_NAME)";
				SWIFT_EMIT_LOC_STRINGS = NO;
				SWIFT_VERSION = 5.0;
				TARGETED_DEVICE_FAMILY = "1,2";
				TEST_HOST = "$(BUILT_PRODUCTS_DIR)/JSwizzle-Pokedex.app/JSwizzle-Pokedex";
			};
			name = Debug;
		};
		9D8379D32A48260D00CF355A /* Release */ = {
			isa = XCBuildConfiguration;
			buildSettings = {
				ALWAYS_EMBED_SWIFT_STANDARD_LIBRARIES = YES;
				BUNDLE_LOADER = "$(TEST_HOST)";
				CODE_SIGN_STYLE = Automatic;
				CURRENT_PROJECT_VERSION = 1;
				DEVELOPMENT_TEAM = Z9CKL84U99;
				GENERATE_INFOPLIST_FILE = YES;
				IPHONEOS_DEPLOYMENT_TARGET = 15.5;
				MARKETING_VERSION = 1.0;
				PRODUCT_BUNDLE_IDENTIFIER = "LezGo.JSwizzle-PokedexTests";
				PRODUCT_NAME = "$(TARGET_NAME)";
				SWIFT_EMIT_LOC_STRINGS = NO;
				SWIFT_VERSION = 5.0;
				TARGETED_DEVICE_FAMILY = "1,2";
				TEST_HOST = "$(BUILT_PRODUCTS_DIR)/JSwizzle-Pokedex.app/JSwizzle-Pokedex";
			};
			name = Release;
		};
		9D8379D52A48260D00CF355A /* Debug */ = {
			isa = XCBuildConfiguration;
			buildSettings = {
				ALWAYS_EMBED_SWIFT_STANDARD_LIBRARIES = YES;
				CODE_SIGN_STYLE = Automatic;
				CURRENT_PROJECT_VERSION = 1;
				DEVELOPMENT_TEAM = Z9CKL84U99;
				GENERATE_INFOPLIST_FILE = YES;
				MARKETING_VERSION = 1.0;
				PRODUCT_BUNDLE_IDENTIFIER = "LezGo.JSwizzle-PokedexUITests";
				PRODUCT_NAME = "$(TARGET_NAME)";
				SWIFT_EMIT_LOC_STRINGS = NO;
				SWIFT_VERSION = 5.0;
				TARGETED_DEVICE_FAMILY = "1,2";
				TEST_TARGET_NAME = "JSwizzle-Pokedex";
			};
			name = Debug;
		};
		9D8379D62A48260D00CF355A /* Release */ = {
			isa = XCBuildConfiguration;
			buildSettings = {
				ALWAYS_EMBED_SWIFT_STANDARD_LIBRARIES = YES;
				CODE_SIGN_STYLE = Automatic;
				CURRENT_PROJECT_VERSION = 1;
				DEVELOPMENT_TEAM = Z9CKL84U99;
				GENERATE_INFOPLIST_FILE = YES;
				MARKETING_VERSION = 1.0;
				PRODUCT_BUNDLE_IDENTIFIER = "LezGo.JSwizzle-PokedexUITests";
				PRODUCT_NAME = "$(TARGET_NAME)";
				SWIFT_EMIT_LOC_STRINGS = NO;
				SWIFT_VERSION = 5.0;
				TARGETED_DEVICE_FAMILY = "1,2";
				TEST_TARGET_NAME = "JSwizzle-Pokedex";
			};
			name = Release;
		};
/* End XCBuildConfiguration section */

/* Begin XCConfigurationList section */
		9D8379A52A48260A00CF355A /* Build configuration list for PBXProject "JSwizzle-Pokedex" */ = {
			isa = XCConfigurationList;
			buildConfigurations = (
				9D8379CC2A48260D00CF355A /* Debug */,
				9D8379CD2A48260D00CF355A /* Release */,
			);
			defaultConfigurationIsVisible = 0;
			defaultConfigurationName = Release;
		};
		9D8379CE2A48260D00CF355A /* Build configuration list for PBXNativeTarget "JSwizzle-Pokedex" */ = {
			isa = XCConfigurationList;
			buildConfigurations = (
				9D8379CF2A48260D00CF355A /* Debug */,
				9D8379D02A48260D00CF355A /* Release */,
			);
			defaultConfigurationIsVisible = 0;
			defaultConfigurationName = Release;
		};
		9D8379D12A48260D00CF355A /* Build configuration list for PBXNativeTarget "JSwizzle-PokedexTests" */ = {
			isa = XCConfigurationList;
			buildConfigurations = (
				9D8379D22A48260D00CF355A /* Debug */,
				9D8379D32A48260D00CF355A /* Release */,
			);
			defaultConfigurationIsVisible = 0;
			defaultConfigurationName = Release;
		};
		9D8379D42A48260D00CF355A /* Build configuration list for PBXNativeTarget "JSwizzle-PokedexUITests" */ = {
			isa = XCConfigurationList;
			buildConfigurations = (
				9D8379D52A48260D00CF355A /* Debug */,
				9D8379D62A48260D00CF355A /* Release */,
			);
			defaultConfigurationIsVisible = 0;
			defaultConfigurationName = Release;
		};
/* End XCConfigurationList section */
	};
	rootObject = 9D8379A22A48260A00CF355A /* Project object */;
}
