// !$*UTF8*$!
{
	archiveVersion = 1;
	classes = {
	};
	objectVersion = 55;
	objects = {

/* Begin PBXBuildFile section */
		9D7BD70D2A2F4C2300581912 /* AppDelegate.swift in Sources */ = {isa = PBXBuildFile; fileRef = 9D7BD70C2A2F4C2300581912 /* AppDelegate.swift */; };
		9D7BD70F2A2F4C2300581912 /* SceneDelegate.swift in Sources */ = {isa = PBXBuildFile; fileRef = 9D7BD70E2A2F4C2300581912 /* SceneDelegate.swift */; };
		9D7BD7112A2F4C2300581912 /* ViewController.swift in Sources */ = {isa = PBXBuildFile; fileRef = 9D7BD7102A2F4C2300581912 /* ViewController.swift */; };
		9D7BD7142A2F4C2300581912 /* Main.storyboard in Resources */ = {isa = PBXBuildFile; fileRef = 9D7BD7122A2F4C2300581912 /* Main.storyboard */; };
		9D7BD7162A2F4C2300581912 /* Assets.xcassets in Resources */ = {isa = PBXBuildFile; fileRef = 9D7BD7152A2F4C2300581912 /* Assets.xcassets */; };
		9D7BD7192A2F4C2300581912 /* LaunchScreen.storyboard in Resources */ = {isa = PBXBuildFile; fileRef = 9D7BD7172A2F4C2300581912 /* LaunchScreen.storyboard */; };
		9D7BD7242A2F4C2400581912 /* GettingStartOldTests.swift in Sources */ = {isa = PBXBuildFile; fileRef = 9D7BD7232A2F4C2400581912 /* GettingStartOldTests.swift */; };
		9D7BD72E2A2F4C2400581912 /* GettingStartOldUITests.swift in Sources */ = {isa = PBXBuildFile; fileRef = 9D7BD72D2A2F4C2400581912 /* GettingStartOldUITests.swift */; };
		9D7BD7302A2F4C2400581912 /* GettingStartOldUITestsLaunchTests.swift in Sources */ = {isa = PBXBuildFile; fileRef = 9D7BD72F2A2F4C2400581912 /* GettingStartOldUITestsLaunchTests.swift */; };
/* End PBXBuildFile section */

/* Begin PBXContainerItemProxy section */
		9D7BD7202A2F4C2400581912 /* PBXContainerItemProxy */ = {
			isa = PBXContainerItemProxy;
			containerPortal = 9D7BD7012A2F4C2300581912 /* Project object */;
			proxyType = 1;
			remoteGlobalIDString = 9D7BD7082A2F4C2300581912;
			remoteInfo = GettingStartOld;
		};
		9D7BD72A2A2F4C2400581912 /* PBXContainerItemProxy */ = {
			isa = PBXContainerItemProxy;
			containerPortal = 9D7BD7012A2F4C2300581912 /* Project object */;
			proxyType = 1;
			remoteGlobalIDString = 9D7BD7082A2F4C2300581912;
			remoteInfo = GettingStartOld;
		};
/* End PBXContainerItemProxy section */

/* Begin PBXFileReference section */
		9D7BD7092A2F4C2300581912 /* GettingStartOld.app */ = {isa = PBXFileReference; explicitFileType = wrapper.application; includeInIndex = 0; path = GettingStartOld.app; sourceTree = BUILT_PRODUCTS_DIR; };
		9D7BD70C2A2F4C2300581912 /* AppDelegate.swift */ = {isa = PBXFileReference; lastKnownFileType = sourcecode.swift; path = AppDelegate.swift; sourceTree = "<group>"; };
		9D7BD70E2A2F4C2300581912 /* SceneDelegate.swift */ = {isa = PBXFileReference; lastKnownFileType = sourcecode.swift; path = SceneDelegate.swift; sourceTree = "<group>"; };
		9D7BD7102A2F4C2300581912 /* ViewController.swift */ = {isa = PBXFileReference; lastKnownFileType = sourcecode.swift; path = ViewController.swift; sourceTree = "<group>"; };
		9D7BD7132A2F4C2300581912 /* Base */ = {isa = PBXFileReference; lastKnownFileType = file.storyboard; name = Base; path = Base.lproj/Main.storyboard; sourceTree = "<group>"; };
		9D7BD7152A2F4C2300581912 /* Assets.xcassets */ = {isa = PBXFileReference; lastKnownFileType = folder.assetcatalog; path = Assets.xcassets; sourceTree = "<group>"; };
		9D7BD7182A2F4C2300581912 /* Base */ = {isa = PBXFileReference; lastKnownFileType = file.storyboard; name = Base; path = Base.lproj/LaunchScreen.storyboard; sourceTree = "<group>"; };
		9D7BD71A2A2F4C2300581912 /* Info.plist */ = {isa = PBXFileReference; lastKnownFileType = text.plist.xml; path = Info.plist; sourceTree = "<group>"; };
		9D7BD71F2A2F4C2400581912 /* GettingStartOldTests.xctest */ = {isa = PBXFileReference; explicitFileType = wrapper.cfbundle; includeInIndex = 0; path = GettingStartOldTests.xctest; sourceTree = BUILT_PRODUCTS_DIR; };
		9D7BD7232A2F4C2400581912 /* GettingStartOldTests.swift */ = {isa = PBXFileReference; lastKnownFileType = sourcecode.swift; path = GettingStartOldTests.swift; sourceTree = "<group>"; };
		9D7BD7292A2F4C2400581912 /* GettingStartOldUITests.xctest */ = {isa = PBXFileReference; explicitFileType = wrapper.cfbundle; includeInIndex = 0; path = GettingStartOldUITests.xctest; sourceTree = BUILT_PRODUCTS_DIR; };
		9D7BD72D2A2F4C2400581912 /* GettingStartOldUITests.swift */ = {isa = PBXFileReference; lastKnownFileType = sourcecode.swift; path = GettingStartOldUITests.swift; sourceTree = "<group>"; };
		9D7BD72F2A2F4C2400581912 /* GettingStartOldUITestsLaunchTests.swift */ = {isa = PBXFileReference; lastKnownFileType = sourcecode.swift; path = GettingStartOldUITestsLaunchTests.swift; sourceTree = "<group>"; };
/* End PBXFileReference section */

/* Begin PBXFrameworksBuildPhase section */
		9D7BD7062A2F4C2300581912 /* Frameworks */ = {
			isa = PBXFrameworksBuildPhase;
			buildActionMask = 2147483647;
			files = (
			);
			runOnlyForDeploymentPostprocessing = 0;
		};
		9D7BD71C2A2F4C2400581912 /* Frameworks */ = {
			isa = PBXFrameworksBuildPhase;
			buildActionMask = 2147483647;
			files = (
			);
			runOnlyForDeploymentPostprocessing = 0;
		};
		9D7BD7262A2F4C2400581912 /* Frameworks */ = {
			isa = PBXFrameworksBuildPhase;
			buildActionMask = 2147483647;
			files = (
			);
			runOnlyForDeploymentPostprocessing = 0;
		};
/* End PBXFrameworksBuildPhase section */

/* Begin PBXGroup section */
		9D7BD7002A2F4C2300581912 = {
			isa = PBXGroup;
			children = (
				9D7BD70B2A2F4C2300581912 /* GettingStartOld */,
				9D7BD7222A2F4C2400581912 /* GettingStartOldTests */,
				9D7BD72C2A2F4C2400581912 /* GettingStartOldUITests */,
				9D7BD70A2A2F4C2300581912 /* Products */,
			);
			sourceTree = "<group>";
		};
		9D7BD70A2A2F4C2300581912 /* Products */ = {
			isa = PBXGroup;
			children = (
				9D7BD7092A2F4C2300581912 /* GettingStartOld.app */,
				9D7BD71F2A2F4C2400581912 /* GettingStartOldTests.xctest */,
				9D7BD7292A2F4C2400581912 /* GettingStartOldUITests.xctest */,
			);
			name = Products;
			sourceTree = "<group>";
		};
		9D7BD70B2A2F4C2300581912 /* GettingStartOld */ = {
			isa = PBXGroup;
			children = (
				9D7BD70C2A2F4C2300581912 /* AppDelegate.swift */,
				9D7BD70E2A2F4C2300581912 /* SceneDelegate.swift */,
				9D7BD7102A2F4C2300581912 /* ViewController.swift */,
				9D7BD7122A2F4C2300581912 /* Main.storyboard */,
				9D7BD7152A2F4C2300581912 /* Assets.xcassets */,
				9D7BD7172A2F4C2300581912 /* LaunchScreen.storyboard */,
				9D7BD71A2A2F4C2300581912 /* Info.plist */,
			);
			path = GettingStartOld;
			sourceTree = "<group>";
		};
		9D7BD7222A2F4C2400581912 /* GettingStartOldTests */ = {
			isa = PBXGroup;
			children = (
				9D7BD7232A2F4C2400581912 /* GettingStartOldTests.swift */,
			);
			path = GettingStartOldTests;
			sourceTree = "<group>";
		};
		9D7BD72C2A2F4C2400581912 /* GettingStartOldUITests */ = {
			isa = PBXGroup;
			children = (
				9D7BD72D2A2F4C2400581912 /* GettingStartOldUITests.swift */,
				9D7BD72F2A2F4C2400581912 /* GettingStartOldUITestsLaunchTests.swift */,
			);
			path = GettingStartOldUITests;
			sourceTree = "<group>";
		};
/* End PBXGroup section */

/* Begin PBXNativeTarget section */
		9D7BD7082A2F4C2300581912 /* GettingStartOld */ = {
			isa = PBXNativeTarget;
			buildConfigurationList = 9D7BD7332A2F4C2400581912 /* Build configuration list for PBXNativeTarget "GettingStartOld" */;
			buildPhases = (
				9D7BD7052A2F4C2300581912 /* Sources */,
				9D7BD7062A2F4C2300581912 /* Frameworks */,
				9D7BD7072A2F4C2300581912 /* Resources */,
			);
			buildRules = (
			);
			dependencies = (
			);
			name = GettingStartOld;
			productName = GettingStartOld;
			productReference = 9D7BD7092A2F4C2300581912 /* GettingStartOld.app */;
			productType = "com.apple.product-type.application";
		};
		9D7BD71E2A2F4C2400581912 /* GettingStartOldTests */ = {
			isa = PBXNativeTarget;
			buildConfigurationList = 9D7BD7362A2F4C2400581912 /* Build configuration list for PBXNativeTarget "GettingStartOldTests" */;
			buildPhases = (
				9D7BD71B2A2F4C2400581912 /* Sources */,
				9D7BD71C2A2F4C2400581912 /* Frameworks */,
				9D7BD71D2A2F4C2400581912 /* Resources */,
			);
			buildRules = (
			);
			dependencies = (
				9D7BD7212A2F4C2400581912 /* PBXTargetDependency */,
			);
			name = GettingStartOldTests;
			productName = GettingStartOldTests;
			productReference = 9D7BD71F2A2F4C2400581912 /* GettingStartOldTests.xctest */;
			productType = "com.apple.product-type.bundle.unit-test";
		};
		9D7BD7282A2F4C2400581912 /* GettingStartOldUITests */ = {
			isa = PBXNativeTarget;
			buildConfigurationList = 9D7BD7392A2F4C2400581912 /* Build configuration list for PBXNativeTarget "GettingStartOldUITests" */;
			buildPhases = (
				9D7BD7252A2F4C2400581912 /* Sources */,
				9D7BD7262A2F4C2400581912 /* Frameworks */,
				9D7BD7272A2F4C2400581912 /* Resources */,
			);
			buildRules = (
			);
			dependencies = (
				9D7BD72B2A2F4C2400581912 /* PBXTargetDependency */,
			);
			name = GettingStartOldUITests;
			productName = GettingStartOldUITests;
			productReference = 9D7BD7292A2F4C2400581912 /* GettingStartOldUITests.xctest */;
			productType = "com.apple.product-type.bundle.ui-testing";
		};
/* End PBXNativeTarget section */

/* Begin PBXProject section */
		9D7BD7012A2F4C2300581912 /* Project object */ = {
			isa = PBXProject;
			attributes = {
				BuildIndependentTargetsInParallel = 1;
				LastSwiftUpdateCheck = 1340;
				LastUpgradeCheck = 1340;
				TargetAttributes = {
					9D7BD7082A2F4C2300581912 = {
						CreatedOnToolsVersion = 13.4.1;
					};
					9D7BD71E2A2F4C2400581912 = {
						CreatedOnToolsVersion = 13.4.1;
						TestTargetID = 9D7BD7082A2F4C2300581912;
					};
					9D7BD7282A2F4C2400581912 = {
						CreatedOnToolsVersion = 13.4.1;
						TestTargetID = 9D7BD7082A2F4C2300581912;
					};
				};
			};
			buildConfigurationList = 9D7BD7042A2F4C2300581912 /* Build configuration list for PBXProject "GettingStartOld" */;
			compatibilityVersion = "Xcode 13.0";
			developmentRegion = en;
			hasScannedForEncodings = 0;
			knownRegions = (
				en,
				Base,
			);
			mainGroup = 9D7BD7002A2F4C2300581912;
			productRefGroup = 9D7BD70A2A2F4C2300581912 /* Products */;
			projectDirPath = "";
			projectRoot = "";
			targets = (
				9D7BD7082A2F4C2300581912 /* GettingStartOld */,
				9D7BD71E2A2F4C2400581912 /* GettingStartOldTests */,
				9D7BD7282A2F4C2400581912 /* GettingStartOldUITests */,
			);
		};
/* End PBXProject section */

/* Begin PBXResourcesBuildPhase section */
		9D7BD7072A2F4C2300581912 /* Resources */ = {
			isa = PBXResourcesBuildPhase;
			buildActionMask = 2147483647;
			files = (
				9D7BD7192A2F4C2300581912 /* LaunchScreen.storyboard in Resources */,
				9D7BD7162A2F4C2300581912 /* Assets.xcassets in Resources */,
				9D7BD7142A2F4C2300581912 /* Main.storyboard in Resources */,
			);
			runOnlyForDeploymentPostprocessing = 0;
		};
		9D7BD71D2A2F4C2400581912 /* Resources */ = {
			isa = PBXResourcesBuildPhase;
			buildActionMask = 2147483647;
			files = (
			);
			runOnlyForDeploymentPostprocessing = 0;
		};
		9D7BD7272A2F4C2400581912 /* Resources */ = {
			isa = PBXResourcesBuildPhase;
			buildActionMask = 2147483647;
			files = (
			);
			runOnlyForDeploymentPostprocessing = 0;
		};
/* End PBXResourcesBuildPhase section */

/* Begin PBXSourcesBuildPhase section */
		9D7BD7052A2F4C2300581912 /* Sources */ = {
			isa = PBXSourcesBuildPhase;
			buildActionMask = 2147483647;
			files = (
				9D7BD7112A2F4C2300581912 /* ViewController.swift in Sources */,
				9D7BD70D2A2F4C2300581912 /* AppDelegate.swift in Sources */,
				9D7BD70F2A2F4C2300581912 /* SceneDelegate.swift in Sources */,
			);
			runOnlyForDeploymentPostprocessing = 0;
		};
		9D7BD71B2A2F4C2400581912 /* Sources */ = {
			isa = PBXSourcesBuildPhase;
			buildActionMask = 2147483647;
			files = (
				9D7BD7242A2F4C2400581912 /* GettingStartOldTests.swift in Sources */,
			);
			runOnlyForDeploymentPostprocessing = 0;
		};
		9D7BD7252A2F4C2400581912 /* Sources */ = {
			isa = PBXSourcesBuildPhase;
			buildActionMask = 2147483647;
			files = (
				9D7BD7302A2F4C2400581912 /* GettingStartOldUITestsLaunchTests.swift in Sources */,
				9D7BD72E2A2F4C2400581912 /* GettingStartOldUITests.swift in Sources */,
			);
			runOnlyForDeploymentPostprocessing = 0;
		};
/* End PBXSourcesBuildPhase section */

/* Begin PBXTargetDependency section */
		9D7BD7212A2F4C2400581912 /* PBXTargetDependency */ = {
			isa = PBXTargetDependency;
			target = 9D7BD7082A2F4C2300581912 /* GettingStartOld */;
			targetProxy = 9D7BD7202A2F4C2400581912 /* PBXContainerItemProxy */;
		};
		9D7BD72B2A2F4C2400581912 /* PBXTargetDependency */ = {
			isa = PBXTargetDependency;
			target = 9D7BD7082A2F4C2300581912 /* GettingStartOld */;
			targetProxy = 9D7BD72A2A2F4C2400581912 /* PBXContainerItemProxy */;
		};
/* End PBXTargetDependency section */

/* Begin PBXVariantGroup section */
		9D7BD7122A2F4C2300581912 /* Main.storyboard */ = {
			isa = PBXVariantGroup;
			children = (
				9D7BD7132A2F4C2300581912 /* Base */,
			);
			name = Main.storyboard;
			sourceTree = "<group>";
		};
		9D7BD7172A2F4C2300581912 /* LaunchScreen.storyboard */ = {
			isa = PBXVariantGroup;
			children = (
				9D7BD7182A2F4C2300581912 /* Base */,
			);
			name = LaunchScreen.storyboard;
			sourceTree = "<group>";
		};
/* End PBXVariantGroup section */

/* Begin XCBuildConfiguration section */
		9D7BD7312A2F4C2400581912 /* Debug */ = {
			isa = XCBuildConfiguration;
			buildSettings = {
				ALWAYS_SEARCH_USER_PATHS = NO;
				CLANG_ANALYZER_NONNULL = YES;
				CLANG_ANALYZER_NUMBER_OBJECT_CONVERSION = YES_AGGRESSIVE;
				CLANG_CXX_LANGUAGE_STANDARD = "gnu++17";
				CLANG_ENABLE_MODULES = YES;
				CLANG_ENABLE_OBJC_ARC = YES;
				CLANG_ENABLE_OBJC_WEAK = YES;
				CLANG_WARN_BLOCK_CAPTURE_AUTORELEASING = YES;
				CLANG_WARN_BOOL_CONVERSION = YES;
				CLANG_WARN_COMMA = YES;
				CLANG_WARN_CONSTANT_CONVERSION = YES;
				CLANG_WARN_DEPRECATED_OBJC_IMPLEMENTATIONS = YES;
				CLANG_WARN_DIRECT_OBJC_ISA_USAGE = YES_ERROR;
				CLANG_WARN_DOCUMENTATION_COMMENTS = YES;
				CLANG_WARN_EMPTY_BODY = YES;
				CLANG_WARN_ENUM_CONVERSION = YES;
				CLANG_WARN_INFINITE_RECURSION = YES;
				CLANG_WARN_INT_CONVERSION = YES;
				CLANG_WARN_NON_LITERAL_NULL_CONVERSION = YES;
				CLANG_WARN_OBJC_IMPLICIT_RETAIN_SELF = YES;
				CLANG_WARN_OBJC_LITERAL_CONVERSION = YES;
				CLANG_WARN_OBJC_ROOT_CLASS = YES_ERROR;
				CLANG_WARN_QUOTED_INCLUDE_IN_FRAMEWORK_HEADER = YES;
				CLANG_WARN_RANGE_LOOP_ANALYSIS = YES;
				CLANG_WARN_STRICT_PROTOTYPES = YES;
				CLANG_WARN_SUSPICIOUS_MOVE = YES;
				CLANG_WARN_UNGUARDED_AVAILABILITY = YES_AGGRESSIVE;
				CLANG_WARN_UNREACHABLE_CODE = YES;
				CLANG_WARN__DUPLICATE_METHOD_MATCH = YES;
				COPY_PHASE_STRIP = NO;
				DEBUG_INFORMATION_FORMAT = dwarf;
				ENABLE_STRICT_OBJC_MSGSEND = YES;
				ENABLE_TESTABILITY = YES;
				GCC_C_LANGUAGE_STANDARD = gnu11;
				GCC_DYNAMIC_NO_PIC = NO;
				GCC_NO_COMMON_BLOCKS = YES;
				GCC_OPTIMIZATION_LEVEL = 0;
				GCC_PREPROCESSOR_DEFINITIONS = (
					"DEBUG=1",
					"$(inherited)",
				);
				GCC_WARN_64_TO_32_BIT_CONVERSION = YES;
				GCC_WARN_ABOUT_RETURN_TYPE = YES_ERROR;
				GCC_WARN_UNDECLARED_SELECTOR = YES;
				GCC_WARN_UNINITIALIZED_AUTOS = YES_AGGRESSIVE;
				GCC_WARN_UNUSED_FUNCTION = YES;
				GCC_WARN_UNUSED_VARIABLE = YES;
				IPHONEOS_DEPLOYMENT_TARGET = 15.5;
				MTL_ENABLE_DEBUG_INFO = INCLUDE_SOURCE;
				MTL_FAST_MATH = YES;
				ONLY_ACTIVE_ARCH = YES;
				SDKROOT = iphoneos;
				SWIFT_ACTIVE_COMPILATION_CONDITIONS = DEBUG;
				SWIFT_OPTIMIZATION_LEVEL = "-Onone";
			};
			name = Debug;
		};
		9D7BD7322A2F4C2400581912 /* Release */ = {
			isa = XCBuildConfiguration;
			buildSettings = {
				ALWAYS_SEARCH_USER_PATHS = NO;
				CLANG_ANALYZER_NONNULL = YES;
				CLANG_ANALYZER_NUMBER_OBJECT_CONVERSION = YES_AGGRESSIVE;
				CLANG_CXX_LANGUAGE_STANDARD = "gnu++17";
				CLANG_ENABLE_MODULES = YES;
				CLANG_ENABLE_OBJC_ARC = YES;
				CLANG_ENABLE_OBJC_WEAK = YES;
				CLANG_WARN_BLOCK_CAPTURE_AUTORELEASING = YES;
				CLANG_WARN_BOOL_CONVERSION = YES;
				CLANG_WARN_COMMA = YES;
				CLANG_WARN_CONSTANT_CONVERSION = YES;
				CLANG_WARN_DEPRECATED_OBJC_IMPLEMENTATIONS = YES;
				CLANG_WARN_DIRECT_OBJC_ISA_USAGE = YES_ERROR;
				CLANG_WARN_DOCUMENTATION_COMMENTS = YES;
				CLANG_WARN_EMPTY_BODY = YES;
				CLANG_WARN_ENUM_CONVERSION = YES;
				CLANG_WARN_INFINITE_RECURSION = YES;
				CLANG_WARN_INT_CONVERSION = YES;
				CLANG_WARN_NON_LITERAL_NULL_CONVERSION = YES;
				CLANG_WARN_OBJC_IMPLICIT_RETAIN_SELF = YES;
				CLANG_WARN_OBJC_LITERAL_CONVERSION = YES;
				CLANG_WARN_OBJC_ROOT_CLASS = YES_ERROR;
				CLANG_WARN_QUOTED_INCLUDE_IN_FRAMEWORK_HEADER = YES;
				CLANG_WARN_RANGE_LOOP_ANALYSIS = YES;
				CLANG_WARN_STRICT_PROTOTYPES = YES;
				CLANG_WARN_SUSPICIOUS_MOVE = YES;
				CLANG_WARN_UNGUARDED_AVAILABILITY = YES_AGGRESSIVE;
				CLANG_WARN_UNREACHABLE_CODE = YES;
				CLANG_WARN__DUPLICATE_METHOD_MATCH = YES;
				COPY_PHASE_STRIP = NO;
				DEBUG_INFORMATION_FORMAT = "dwarf-with-dsym";
				ENABLE_NS_ASSERTIONS = NO;
				ENABLE_STRICT_OBJC_MSGSEND = YES;
				GCC_C_LANGUAGE_STANDARD = gnu11;
				GCC_NO_COMMON_BLOCKS = YES;
				GCC_WARN_64_TO_32_BIT_CONVERSION = YES;
				GCC_WARN_ABOUT_RETURN_TYPE = YES_ERROR;
				GCC_WARN_UNDECLARED_SELECTOR = YES;
				GCC_WARN_UNINITIALIZED_AUTOS = YES_AGGRESSIVE;
				GCC_WARN_UNUSED_FUNCTION = YES;
				GCC_WARN_UNUSED_VARIABLE = YES;
				IPHONEOS_DEPLOYMENT_TARGET = 15.5;
				MTL_ENABLE_DEBUG_INFO = NO;
				MTL_FAST_MATH = YES;
				SDKROOT = iphoneos;
				SWIFT_COMPILATION_MODE = wholemodule;
				SWIFT_OPTIMIZATION_LEVEL = "-O";
				VALIDATE_PRODUCT = YES;
			};
			name = Release;
		};
		9D7BD7342A2F4C2400581912 /* Debug */ = {
			isa = XCBuildConfiguration;
			buildSettings = {
				ASSETCATALOG_COMPILER_APPICON_NAME = AppIcon;
				ASSETCATALOG_COMPILER_GLOBAL_ACCENT_COLOR_NAME = AccentColor;
				CODE_SIGN_STYLE = Automatic;
				CURRENT_PROJECT_VERSION = 1;
				DEVELOPMENT_TEAM = Z9CKL84U99;
				GENERATE_INFOPLIST_FILE = YES;
				INFOPLIST_FILE = GettingStartOld/Info.plist;
				INFOPLIST_KEY_UIApplicationSupportsIndirectInputEvents = YES;
				INFOPLIST_KEY_UILaunchStoryboardName = LaunchScreen;
				INFOPLIST_KEY_UIMainStoryboardFile = Main;
				INFOPLIST_KEY_UISupportedInterfaceOrientations_iPad = "UIInterfaceOrientationPortrait UIInterfaceOrientationPortraitUpsideDown UIInterfaceOrientationLandscapeLeft UIInterfaceOrientationLandscapeRight";
				INFOPLIST_KEY_UISupportedInterfaceOrientations_iPhone = "UIInterfaceOrientationPortrait UIInterfaceOrientationLandscapeLeft UIInterfaceOrientationLandscapeRight";
				LD_RUNPATH_SEARCH_PATHS = (
					"$(inherited)",
					"@executable_path/Frameworks",
				);
				MARKETING_VERSION = 1.0;
				PRODUCT_BUNDLE_IDENTIFIER = LezGo.GettingStartOld;
				PRODUCT_NAME = "$(TARGET_NAME)";
				SWIFT_EMIT_LOC_STRINGS = YES;
				SWIFT_VERSION = 5.0;
				TARGETED_DEVICE_FAMILY = "1,2";
			};
			name = Debug;
		};
		9D7BD7352A2F4C2400581912 /* Release */ = {
			isa = XCBuildConfiguration;
			buildSettings = {
				ASSETCATALOG_COMPILER_APPICON_NAME = AppIcon;
				ASSETCATALOG_COMPILER_GLOBAL_ACCENT_COLOR_NAME = AccentColor;
				CODE_SIGN_STYLE = Automatic;
				CURRENT_PROJECT_VERSION = 1;
				DEVELOPMENT_TEAM = Z9CKL84U99;
				GENERATE_INFOPLIST_FILE = YES;
				INFOPLIST_FILE = GettingStartOld/Info.plist;
				INFOPLIST_KEY_UIApplicationSupportsIndirectInputEvents = YES;
				INFOPLIST_KEY_UILaunchStoryboardName = LaunchScreen;
				INFOPLIST_KEY_UIMainStoryboardFile = Main;
				INFOPLIST_KEY_UISupportedInterfaceOrientations_iPad = "UIInterfaceOrientationPortrait UIInterfaceOrientationPortraitUpsideDown UIInterfaceOrientationLandscapeLeft UIInterfaceOrientationLandscapeRight";
				INFOPLIST_KEY_UISupportedInterfaceOrientations_iPhone = "UIInterfaceOrientationPortrait UIInterfaceOrientationLandscapeLeft UIInterfaceOrientationLandscapeRight";
				LD_RUNPATH_SEARCH_PATHS = (
					"$(inherited)",
					"@executable_path/Frameworks",
				);
				MARKETING_VERSION = 1.0;
				PRODUCT_BUNDLE_IDENTIFIER = LezGo.GettingStartOld;
				PRODUCT_NAME = "$(TARGET_NAME)";
				SWIFT_EMIT_LOC_STRINGS = YES;
				SWIFT_VERSION = 5.0;
				TARGETED_DEVICE_FAMILY = "1,2";
			};
			name = Release;
		};
		9D7BD7372A2F4C2400581912 /* Debug */ = {
			isa = XCBuildConfiguration;
			buildSettings = {
				ALWAYS_EMBED_SWIFT_STANDARD_LIBRARIES = YES;
				BUNDLE_LOADER = "$(TEST_HOST)";
				CODE_SIGN_STYLE = Automatic;
				CURRENT_PROJECT_VERSION = 1;
				DEVELOPMENT_TEAM = Z9CKL84U99;
				GENERATE_INFOPLIST_FILE = YES;
				IPHONEOS_DEPLOYMENT_TARGET = 15.5;
				MARKETING_VERSION = 1.0;
				PRODUCT_BUNDLE_IDENTIFIER = LezGo.GettingStartOldTests;
				PRODUCT_NAME = "$(TARGET_NAME)";
				SWIFT_EMIT_LOC_STRINGS = NO;
				SWIFT_VERSION = 5.0;
				TARGETED_DEVICE_FAMILY = "1,2";
				TEST_HOST = "$(BUILT_PRODUCTS_DIR)/GettingStartOld.app/GettingStartOld";
			};
			name = Debug;
		};
		9D7BD7382A2F4C2400581912 /* Release */ = {
			isa = XCBuildConfiguration;
			buildSettings = {
				ALWAYS_EMBED_SWIFT_STANDARD_LIBRARIES = YES;
				BUNDLE_LOADER = "$(TEST_HOST)";
				CODE_SIGN_STYLE = Automatic;
				CURRENT_PROJECT_VERSION = 1;
				DEVELOPMENT_TEAM = Z9CKL84U99;
				GENERATE_INFOPLIST_FILE = YES;
				IPHONEOS_DEPLOYMENT_TARGET = 15.5;
				MARKETING_VERSION = 1.0;
				PRODUCT_BUNDLE_IDENTIFIER = LezGo.GettingStartOldTests;
				PRODUCT_NAME = "$(TARGET_NAME)";
				SWIFT_EMIT_LOC_STRINGS = NO;
				SWIFT_VERSION = 5.0;
				TARGETED_DEVICE_FAMILY = "1,2";
				TEST_HOST = "$(BUILT_PRODUCTS_DIR)/GettingStartOld.app/GettingStartOld";
			};
			name = Release;
		};
		9D7BD73A2A2F4C2400581912 /* Debug */ = {
			isa = XCBuildConfiguration;
			buildSettings = {
				ALWAYS_EMBED_SWIFT_STANDARD_LIBRARIES = YES;
				CODE_SIGN_STYLE = Automatic;
				CURRENT_PROJECT_VERSION = 1;
				DEVELOPMENT_TEAM = Z9CKL84U99;
				GENERATE_INFOPLIST_FILE = YES;
				MARKETING_VERSION = 1.0;
				PRODUCT_BUNDLE_IDENTIFIER = LezGo.GettingStartOldUITests;
				PRODUCT_NAME = "$(TARGET_NAME)";
				SWIFT_EMIT_LOC_STRINGS = NO;
				SWIFT_VERSION = 5.0;
				TARGETED_DEVICE_FAMILY = "1,2";
				TEST_TARGET_NAME = GettingStartOld;
			};
			name = Debug;
		};
		9D7BD73B2A2F4C2400581912 /* Release */ = {
			isa = XCBuildConfiguration;
			buildSettings = {
				ALWAYS_EMBED_SWIFT_STANDARD_LIBRARIES = YES;
				CODE_SIGN_STYLE = Automatic;
				CURRENT_PROJECT_VERSION = 1;
				DEVELOPMENT_TEAM = Z9CKL84U99;
				GENERATE_INFOPLIST_FILE = YES;
				MARKETING_VERSION = 1.0;
				PRODUCT_BUNDLE_IDENTIFIER = LezGo.GettingStartOldUITests;
				PRODUCT_NAME = "$(TARGET_NAME)";
				SWIFT_EMIT_LOC_STRINGS = NO;
				SWIFT_VERSION = 5.0;
				TARGETED_DEVICE_FAMILY = "1,2";
				TEST_TARGET_NAME = GettingStartOld;
			};
			name = Release;
		};
/* End XCBuildConfiguration section */

/* Begin XCConfigurationList section */
		9D7BD7042A2F4C2300581912 /* Build configuration list for PBXProject "GettingStartOld" */ = {
			isa = XCConfigurationList;
			buildConfigurations = (
				9D7BD7312A2F4C2400581912 /* Debug */,
				9D7BD7322A2F4C2400581912 /* Release */,
			);
			defaultConfigurationIsVisible = 0;
			defaultConfigurationName = Release;
		};
		9D7BD7332A2F4C2400581912 /* Build configuration list for PBXNativeTarget "GettingStartOld" */ = {
			isa = XCConfigurationList;
			buildConfigurations = (
				9D7BD7342A2F4C2400581912 /* Debug */,
				9D7BD7352A2F4C2400581912 /* Release */,
			);
			defaultConfigurationIsVisible = 0;
			defaultConfigurationName = Release;
		};
		9D7BD7362A2F4C2400581912 /* Build configuration list for PBXNativeTarget "GettingStartOldTests" */ = {
			isa = XCConfigurationList;
			buildConfigurations = (
				9D7BD7372A2F4C2400581912 /* Debug */,
				9D7BD7382A2F4C2400581912 /* Release */,
			);
			defaultConfigurationIsVisible = 0;
			defaultConfigurationName = Release;
		};
		9D7BD7392A2F4C2400581912 /* Build configuration list for PBXNativeTarget "GettingStartOldUITests" */ = {
			isa = XCConfigurationList;
			buildConfigurations = (
				9D7BD73A2A2F4C2400581912 /* Debug */,
				9D7BD73B2A2F4C2400581912 /* Release */,
			);
			defaultConfigurationIsVisible = 0;
			defaultConfigurationName = Release;
		};
/* End XCConfigurationList section */
	};
	rootObject = 9D7BD7012A2F4C2300581912 /* Project object */;
}
