// !$*UTF8*$!
{
	archiveVersion = 1;
	classes = {
	};
	objectVersion = 55;
	objects = {

/* Begin PBXBuildFile section */
		9D7BD6D72A2F491600581912 /* GettingStartedApp.swift in Sources */ = {isa = PBXBuildFile; fileRef = 9D7BD6D62A2F491600581912 /* GettingStartedApp.swift */; };
		9D7BD6D92A2F491600581912 /* ContentView.swift in Sources */ = {isa = PBXBuildFile; fileRef = 9D7BD6D82A2F491600581912 /* ContentView.swift */; };
		9D7BD6DB2A2F491900581912 /* Assets.xcassets in Resources */ = {isa = PBXBuildFile; fileRef = 9D7BD6DA2A2F491900581912 /* Assets.xcassets */; };
		9D7BD6DE2A2F491900581912 /* Preview Assets.xcassets in Resources */ = {isa = PBXBuildFile; fileRef = 9D7BD6DD2A2F491900581912 /* Preview Assets.xcassets */; };
		9D7BD6E82A2F491900581912 /* GettingStartedTests.swift in Sources */ = {isa = PBXBuildFile; fileRef = 9D7BD6E72A2F491900581912 /* GettingStartedTests.swift */; };
		9D7BD6F22A2F491900581912 /* GettingStartedUITests.swift in Sources */ = {isa = PBXBuildFile; fileRef = 9D7BD6F12A2F491900581912 /* GettingStartedUITests.swift */; };
		9D7BD6F42A2F491900581912 /* GettingStartedUITestsLaunchTests.swift in Sources */ = {isa = PBXBuildFile; fileRef = 9D7BD6F32A2F491900581912 /* GettingStartedUITestsLaunchTests.swift */; };
/* End PBXBuildFile section */

/* Begin PBXContainerItemProxy section */
		9D7BD6E42A2F491900581912 /* PBXContainerItemProxy */ = {
			isa = PBXContainerItemProxy;
			containerPortal = 9D7BD6CB2A2F491600581912 /* Project object */;
			proxyType = 1;
			remoteGlobalIDString = 9D7BD6D22A2F491600581912;
			remoteInfo = GettingStarted;
		};
		9D7BD6EE2A2F491900581912 /* PBXContainerItemProxy */ = {
			isa = PBXContainerItemProxy;
			containerPortal = 9D7BD6CB2A2F491600581912 /* Project object */;
			proxyType = 1;
			remoteGlobalIDString = 9D7BD6D22A2F491600581912;
			remoteInfo = GettingStarted;
		};
/* End PBXContainerItemProxy section */

/* Begin PBXFileReference section */
		9D7BD6D32A2F491600581912 /* GettingStarted.app */ = {isa = PBXFileReference; explicitFileType = wrapper.application; includeInIndex = 0; path = GettingStarted.app; sourceTree = BUILT_PRODUCTS_DIR; };
		9D7BD6D62A2F491600581912 /* GettingStartedApp.swift */ = {isa = PBXFileReference; lastKnownFileType = sourcecode.swift; path = GettingStartedApp.swift; sourceTree = "<group>"; };
		9D7BD6D82A2F491600581912 /* ContentView.swift */ = {isa = PBXFileReference; lastKnownFileType = sourcecode.swift; path = ContentView.swift; sourceTree = "<group>"; };
		9D7BD6DA2A2F491900581912 /* Assets.xcassets */ = {isa = PBXFileReference; lastKnownFileType = folder.assetcatalog; path = Assets.xcassets; sourceTree = "<group>"; };
		9D7BD6DD2A2F491900581912 /* Preview Assets.xcassets */ = {isa = PBXFileReference; lastKnownFileType = folder.assetcatalog; path = "Preview Assets.xcassets"; sourceTree = "<group>"; };
		9D7BD6E32A2F491900581912 /* GettingStartedTests.xctest */ = {isa = PBXFileReference; explicitFileType = wrapper.cfbundle; includeInIndex = 0; path = GettingStartedTests.xctest; sourceTree = BUILT_PRODUCTS_DIR; };
		9D7BD6E72A2F491900581912 /* GettingStartedTests.swift */ = {isa = PBXFileReference; lastKnownFileType = sourcecode.swift; path = GettingStartedTests.swift; sourceTree = "<group>"; };
		9D7BD6ED2A2F491900581912 /* GettingStartedUITests.xctest */ = {isa = PBXFileReference; explicitFileType = wrapper.cfbundle; includeInIndex = 0; path = GettingStartedUITests.xctest; sourceTree = BUILT_PRODUCTS_DIR; };
		9D7BD6F12A2F491900581912 /* GettingStartedUITests.swift */ = {isa = PBXFileReference; lastKnownFileType = sourcecode.swift; path = GettingStartedUITests.swift; sourceTree = "<group>"; };
		9D7BD6F32A2F491900581912 /* GettingStartedUITestsLaunchTests.swift */ = {isa = PBXFileReference; lastKnownFileType = sourcecode.swift; path = GettingStartedUITestsLaunchTests.swift; sourceTree = "<group>"; };
/* End PBXFileReference section */

/* Begin PBXFrameworksBuildPhase section */
		9D7BD6D02A2F491600581912 /* Frameworks */ = {
			isa = PBXFrameworksBuildPhase;
			buildActionMask = 2147483647;
			files = (
			);
			runOnlyForDeploymentPostprocessing = 0;
		};
		9D7BD6E02A2F491900581912 /* Frameworks */ = {
			isa = PBXFrameworksBuildPhase;
			buildActionMask = 2147483647;
			files = (
			);
			runOnlyForDeploymentPostprocessing = 0;
		};
		9D7BD6EA2A2F491900581912 /* Frameworks */ = {
			isa = PBXFrameworksBuildPhase;
			buildActionMask = 2147483647;
			files = (
			);
			runOnlyForDeploymentPostprocessing = 0;
		};
/* End PBXFrameworksBuildPhase section */

/* Begin PBXGroup section */
		9D7BD6CA2A2F491600581912 = {
			isa = PBXGroup;
			children = (
				9D7BD6D52A2F491600581912 /* GettingStarted */,
				9D7BD6E62A2F491900581912 /* GettingStartedTests */,
				9D7BD6F02A2F491900581912 /* GettingStartedUITests */,
				9D7BD6D42A2F491600581912 /* Products */,
			);
			sourceTree = "<group>";
		};
		9D7BD6D42A2F491600581912 /* Products */ = {
			isa = PBXGroup;
			children = (
				9D7BD6D32A2F491600581912 /* GettingStarted.app */,
				9D7BD6E32A2F491900581912 /* GettingStartedTests.xctest */,
				9D7BD6ED2A2F491900581912 /* GettingStartedUITests.xctest */,
			);
			name = Products;
			sourceTree = "<group>";
		};
		9D7BD6D52A2F491600581912 /* GettingStarted */ = {
			isa = PBXGroup;
			children = (
				9D7BD6D62A2F491600581912 /* GettingStartedApp.swift */,
				9D7BD6D82A2F491600581912 /* ContentView.swift */,
				9D7BD6DA2A2F491900581912 /* Assets.xcassets */,
				9D7BD6DC2A2F491900581912 /* Preview Content */,
			);
			path = GettingStarted;
			sourceTree = "<group>";
		};
		9D7BD6DC2A2F491900581912 /* Preview Content */ = {
			isa = PBXGroup;
			children = (
				9D7BD6DD2A2F491900581912 /* Preview Assets.xcassets */,
			);
			path = "Preview Content";
			sourceTree = "<group>";
		};
		9D7BD6E62A2F491900581912 /* GettingStartedTests */ = {
			isa = PBXGroup;
			children = (
				9D7BD6E72A2F491900581912 /* GettingStartedTests.swift */,
			);
			path = GettingStartedTests;
			sourceTree = "<group>";
		};
		9D7BD6F02A2F491900581912 /* GettingStartedUITests */ = {
			isa = PBXGroup;
			children = (
				9D7BD6F12A2F491900581912 /* GettingStartedUITests.swift */,
				9D7BD6F32A2F491900581912 /* GettingStartedUITestsLaunchTests.swift */,
			);
			path = GettingStartedUITests;
			sourceTree = "<group>";
		};
/* End PBXGroup section */

/* Begin PBXNativeTarget section */
		9D7BD6D22A2F491600581912 /* GettingStarted */ = {
			isa = PBXNativeTarget;
			buildConfigurationList = 9D7BD6F72A2F491900581912 /* Build configuration list for PBXNativeTarget "GettingStarted" */;
			buildPhases = (
				9D7BD6CF2A2F491600581912 /* Sources */,
				9D7BD6D02A2F491600581912 /* Frameworks */,
				9D7BD6D12A2F491600581912 /* Resources */,
			);
			buildRules = (
			);
			dependencies = (
			);
			name = GettingStarted;
			productName = GettingStarted;
			productReference = 9D7BD6D32A2F491600581912 /* GettingStarted.app */;
			productType = "com.apple.product-type.application";
		};
		9D7BD6E22A2F491900581912 /* GettingStartedTests */ = {
			isa = PBXNativeTarget;
			buildConfigurationList = 9D7BD6FA2A2F491900581912 /* Build configuration list for PBXNativeTarget "GettingStartedTests" */;
			buildPhases = (
				9D7BD6DF2A2F491900581912 /* Sources */,
				9D7BD6E02A2F491900581912 /* Frameworks */,
				9D7BD6E12A2F491900581912 /* Resources */,
			);
			buildRules = (
			);
			dependencies = (
				9D7BD6E52A2F491900581912 /* PBXTargetDependency */,
			);
			name = GettingStartedTests;
			productName = GettingStartedTests;
			productReference = 9D7BD6E32A2F491900581912 /* GettingStartedTests.xctest */;
			productType = "com.apple.product-type.bundle.unit-test";
		};
		9D7BD6EC2A2F491900581912 /* GettingStartedUITests */ = {
			isa = PBXNativeTarget;
			buildConfigurationList = 9D7BD6FD2A2F491900581912 /* Build configuration list for PBXNativeTarget "GettingStartedUITests" */;
			buildPhases = (
				9D7BD6E92A2F491900581912 /* Sources */,
				9D7BD6EA2A2F491900581912 /* Frameworks */,
				9D7BD6EB2A2F491900581912 /* Resources */,
			);
			buildRules = (
			);
			dependencies = (
				9D7BD6EF2A2F491900581912 /* PBXTargetDependency */,
			);
			name = GettingStartedUITests;
			productName = GettingStartedUITests;
			productReference = 9D7BD6ED2A2F491900581912 /* GettingStartedUITests.xctest */;
			productType = "com.apple.product-type.bundle.ui-testing";
		};
/* End PBXNativeTarget section */

/* Begin PBXProject section */
		9D7BD6CB2A2F491600581912 /* Project object */ = {
			isa = PBXProject;
			attributes = {
				BuildIndependentTargetsInParallel = 1;
				LastSwiftUpdateCheck = 1340;
				LastUpgradeCheck = 1340;
				TargetAttributes = {
					9D7BD6D22A2F491600581912 = {
						CreatedOnToolsVersion = 13.4.1;
					};
					9D7BD6E22A2F491900581912 = {
						CreatedOnToolsVersion = 13.4.1;
						TestTargetID = 9D7BD6D22A2F491600581912;
					};
					9D7BD6EC2A2F491900581912 = {
						CreatedOnToolsVersion = 13.4.1;
						TestTargetID = 9D7BD6D22A2F491600581912;
					};
				};
			};
			buildConfigurationList = 9D7BD6CE2A2F491600581912 /* Build configuration list for PBXProject "GettingStarted" */;
			compatibilityVersion = "Xcode 13.0";
			developmentRegion = en;
			hasScannedForEncodings = 0;
			knownRegions = (
				en,
				Base,
			);
			mainGroup = 9D7BD6CA2A2F491600581912;
			productRefGroup = 9D7BD6D42A2F491600581912 /* Products */;
			projectDirPath = "";
			projectRoot = "";
			targets = (
				9D7BD6D22A2F491600581912 /* GettingStarted */,
				9D7BD6E22A2F491900581912 /* GettingStartedTests */,
				9D7BD6EC2A2F491900581912 /* GettingStartedUITests */,
			);
		};
/* End PBXProject section */

/* Begin PBXResourcesBuildPhase section */
		9D7BD6D12A2F491600581912 /* Resources */ = {
			isa = PBXResourcesBuildPhase;
			buildActionMask = 2147483647;
			files = (
				9D7BD6DE2A2F491900581912 /* Preview Assets.xcassets in Resources */,
				9D7BD6DB2A2F491900581912 /* Assets.xcassets in Resources */,
			);
			runOnlyForDeploymentPostprocessing = 0;
		};
		9D7BD6E12A2F491900581912 /* Resources */ = {
			isa = PBXResourcesBuildPhase;
			buildActionMask = 2147483647;
			files = (
			);
			runOnlyForDeploymentPostprocessing = 0;
		};
		9D7BD6EB2A2F491900581912 /* Resources */ = {
			isa = PBXResourcesBuildPhase;
			buildActionMask = 2147483647;
			files = (
			);
			runOnlyForDeploymentPostprocessing = 0;
		};
/* End PBXResourcesBuildPhase section */

/* Begin PBXSourcesBuildPhase section */
		9D7BD6CF2A2F491600581912 /* Sources */ = {
			isa = PBXSourcesBuildPhase;
			buildActionMask = 2147483647;
			files = (
				9D7BD6D92A2F491600581912 /* ContentView.swift in Sources */,
				9D7BD6D72A2F491600581912 /* GettingStartedApp.swift in Sources */,
			);
			runOnlyForDeploymentPostprocessing = 0;
		};
		9D7BD6DF2A2F491900581912 /* Sources */ = {
			isa = PBXSourcesBuildPhase;
			buildActionMask = 2147483647;
			files = (
				9D7BD6E82A2F491900581912 /* GettingStartedTests.swift in Sources */,
			);
			runOnlyForDeploymentPostprocessing = 0;
		};
		9D7BD6E92A2F491900581912 /* Sources */ = {
			isa = PBXSourcesBuildPhase;
			buildActionMask = 2147483647;
			files = (
				9D7BD6F22A2F491900581912 /* GettingStartedUITests.swift in Sources */,
				9D7BD6F42A2F491900581912 /* GettingStartedUITestsLaunchTests.swift in Sources */,
			);
			runOnlyForDeploymentPostprocessing = 0;
		};
/* End PBXSourcesBuildPhase section */

/* Begin PBXTargetDependency section */
		9D7BD6E52A2F491900581912 /* PBXTargetDependency */ = {
			isa = PBXTargetDependency;
			target = 9D7BD6D22A2F491600581912 /* GettingStarted */;
			targetProxy = 9D7BD6E42A2F491900581912 /* PBXContainerItemProxy */;
		};
		9D7BD6EF2A2F491900581912 /* PBXTargetDependency */ = {
			isa = PBXTargetDependency;
			target = 9D7BD6D22A2F491600581912 /* GettingStarted */;
			targetProxy = 9D7BD6EE2A2F491900581912 /* PBXContainerItemProxy */;
		};
/* End PBXTargetDependency section */

/* Begin XCBuildConfiguration section */
		9D7BD6F52A2F491900581912 /* Debug */ = {
			isa = XCBuildConfiguration;
			buildSettings = {
				ALWAYS_SEARCH_USER_PATHS = NO;
				CLANG_ANALYZER_NONNULL = YES;
				CLANG_ANALYZER_NUMBER_OBJECT_CONVERSION = YES_AGGRESSIVE;
				CLANG_CXX_LANGUAGE_STANDARD = "gnu++17";
				CLANG_ENABLE_MODULES = YES;
				CLANG_ENABLE_OBJC_ARC = YES;
				CLANG_ENABLE_OBJC_WEAK = YES;
				CLANG_WARN_BLOCK_CAPTURE_AUTORELEASING = YES;
				CLANG_WARN_BOOL_CONVERSION = YES;
				CLANG_WARN_COMMA = YES;
				CLANG_WARN_CONSTANT_CONVERSION = YES;
				CLANG_WARN_DEPRECATED_OBJC_IMPLEMENTATIONS = YES;
				CLANG_WARN_DIRECT_OBJC_ISA_USAGE = YES_ERROR;
				CLANG_WARN_DOCUMENTATION_COMMENTS = YES;
				CLANG_WARN_EMPTY_BODY = YES;
				CLANG_WARN_ENUM_CONVERSION = YES;
				CLANG_WARN_INFINITE_RECURSION = YES;
				CLANG_WARN_INT_CONVERSION = YES;
				CLANG_WARN_NON_LITERAL_NULL_CONVERSION = YES;
				CLANG_WARN_OBJC_IMPLICIT_RETAIN_SELF = YES;
				CLANG_WARN_OBJC_LITERAL_CONVERSION = YES;
				CLANG_WARN_OBJC_ROOT_CLASS = YES_ERROR;
				CLANG_WARN_QUOTED_INCLUDE_IN_FRAMEWORK_HEADER = YES;
				CLANG_WARN_RANGE_LOOP_ANALYSIS = YES;
				CLANG_WARN_STRICT_PROTOTYPES = YES;
				CLANG_WARN_SUSPICIOUS_MOVE = YES;
				CLANG_WARN_UNGUARDED_AVAILABILITY = YES_AGGRESSIVE;
				CLANG_WARN_UNREACHABLE_CODE = YES;
				CLANG_WARN__DUPLICATE_METHOD_MATCH = YES;
				COPY_PHASE_STRIP = NO;
				DEBUG_INFORMATION_FORMAT = dwarf;
				ENABLE_STRICT_OBJC_MSGSEND = YES;
				ENABLE_TESTABILITY = YES;
				GCC_C_LANGUAGE_STANDARD = gnu11;
				GCC_DYNAMIC_NO_PIC = NO;
				GCC_NO_COMMON_BLOCKS = YES;
				GCC_OPTIMIZATION_LEVEL = 0;
				GCC_PREPROCESSOR_DEFINITIONS = (
					"DEBUG=1",
					"$(inherited)",
				);
				GCC_WARN_64_TO_32_BIT_CONVERSION = YES;
				GCC_WARN_ABOUT_RETURN_TYPE = YES_ERROR;
				GCC_WARN_UNDECLARED_SELECTOR = YES;
				GCC_WARN_UNINITIALIZED_AUTOS = YES_AGGRESSIVE;
				GCC_WARN_UNUSED_FUNCTION = YES;
				GCC_WARN_UNUSED_VARIABLE = YES;
				IPHONEOS_DEPLOYMENT_TARGET = 15.5;
				MTL_ENABLE_DEBUG_INFO = INCLUDE_SOURCE;
				MTL_FAST_MATH = YES;
				ONLY_ACTIVE_ARCH = YES;
				SDKROOT = iphoneos;
				SWIFT_ACTIVE_COMPILATION_CONDITIONS = DEBUG;
				SWIFT_OPTIMIZATION_LEVEL = "-Onone";
			};
			name = Debug;
		};
		9D7BD6F62A2F491900581912 /* Release */ = {
			isa = XCBuildConfiguration;
			buildSettings = {
				ALWAYS_SEARCH_USER_PATHS = NO;
				CLANG_ANALYZER_NONNULL = YES;
				CLANG_ANALYZER_NUMBER_OBJECT_CONVERSION = YES_AGGRESSIVE;
				CLANG_CXX_LANGUAGE_STANDARD = "gnu++17";
				CLANG_ENABLE_MODULES = YES;
				CLANG_ENABLE_OBJC_ARC = YES;
				CLANG_ENABLE_OBJC_WEAK = YES;
				CLANG_WARN_BLOCK_CAPTURE_AUTORELEASING = YES;
				CLANG_WARN_BOOL_CONVERSION = YES;
				CLANG_WARN_COMMA = YES;
				CLANG_WARN_CONSTANT_CONVERSION = YES;
				CLANG_WARN_DEPRECATED_OBJC_IMPLEMENTATIONS = YES;
				CLANG_WARN_DIRECT_OBJC_ISA_USAGE = YES_ERROR;
				CLANG_WARN_DOCUMENTATION_COMMENTS = YES;
				CLANG_WARN_EMPTY_BODY = YES;
				CLANG_WARN_ENUM_CONVERSION = YES;
				CLANG_WARN_INFINITE_RECURSION = YES;
				CLANG_WARN_INT_CONVERSION = YES;
				CLANG_WARN_NON_LITERAL_NULL_CONVERSION = YES;
				CLANG_WARN_OBJC_IMPLICIT_RETAIN_SELF = YES;
				CLANG_WARN_OBJC_LITERAL_CONVERSION = YES;
				CLANG_WARN_OBJC_ROOT_CLASS = YES_ERROR;
				CLANG_WARN_QUOTED_INCLUDE_IN_FRAMEWORK_HEADER = YES;
				CLANG_WARN_RANGE_LOOP_ANALYSIS = YES;
				CLANG_WARN_STRICT_PROTOTYPES = YES;
				CLANG_WARN_SUSPICIOUS_MOVE = YES;
				CLANG_WARN_UNGUARDED_AVAILABILITY = YES_AGGRESSIVE;
				CLANG_WARN_UNREACHABLE_CODE = YES;
				CLANG_WARN__DUPLICATE_METHOD_MATCH = YES;
				COPY_PHASE_STRIP = NO;
				DEBUG_INFORMATION_FORMAT = "dwarf-with-dsym";
				ENABLE_NS_ASSERTIONS = NO;
				ENABLE_STRICT_OBJC_MSGSEND = YES;
				GCC_C_LANGUAGE_STANDARD = gnu11;
				GCC_NO_COMMON_BLOCKS = YES;
				GCC_WARN_64_TO_32_BIT_CONVERSION = YES;
				GCC_WARN_ABOUT_RETURN_TYPE = YES_ERROR;
				GCC_WARN_UNDECLARED_SELECTOR = YES;
				GCC_WARN_UNINITIALIZED_AUTOS = YES_AGGRESSIVE;
				GCC_WARN_UNUSED_FUNCTION = YES;
				GCC_WARN_UNUSED_VARIABLE = YES;
				IPHONEOS_DEPLOYMENT_TARGET = 15.5;
				MTL_ENABLE_DEBUG_INFO = NO;
				MTL_FAST_MATH = YES;
				SDKROOT = iphoneos;
				SWIFT_COMPILATION_MODE = wholemodule;
				SWIFT_OPTIMIZATION_LEVEL = "-O";
				VALIDATE_PRODUCT = YES;
			};
			name = Release;
		};
		9D7BD6F82A2F491900581912 /* Debug */ = {
			isa = XCBuildConfiguration;
			buildSettings = {
				ASSETCATALOG_COMPILER_APPICON_NAME = AppIcon;
				ASSETCATALOG_COMPILER_GLOBAL_ACCENT_COLOR_NAME = AccentColor;
				CODE_SIGN_STYLE = Automatic;
				CURRENT_PROJECT_VERSION = 1;
				DEVELOPMENT_ASSET_PATHS = "\"GettingStarted/Preview Content\"";
				DEVELOPMENT_TEAM = Z9CKL84U99;
				ENABLE_PREVIEWS = YES;
				GENERATE_INFOPLIST_FILE = YES;
				INFOPLIST_KEY_UIApplicationSceneManifest_Generation = YES;
				INFOPLIST_KEY_UIApplicationSupportsIndirectInputEvents = YES;
				INFOPLIST_KEY_UILaunchScreen_Generation = YES;
				INFOPLIST_KEY_UISupportedInterfaceOrientations_iPad = "UIInterfaceOrientationPortrait UIInterfaceOrientationPortraitUpsideDown UIInterfaceOrientationLandscapeLeft UIInterfaceOrientationLandscapeRight";
				INFOPLIST_KEY_UISupportedInterfaceOrientations_iPhone = "UIInterfaceOrientationPortrait UIInterfaceOrientationLandscapeLeft UIInterfaceOrientationLandscapeRight";
				LD_RUNPATH_SEARCH_PATHS = (
					"$(inherited)",
					"@executable_path/Frameworks",
				);
				MARKETING_VERSION = 1.0;
				PRODUCT_BUNDLE_IDENTIFIER = LezGo.GettingStarted;
				PRODUCT_NAME = "$(TARGET_NAME)";
				SWIFT_EMIT_LOC_STRINGS = YES;
				SWIFT_VERSION = 5.0;
				TARGETED_DEVICE_FAMILY = "1,2";
			};
			name = Debug;
		};
		9D7BD6F92A2F491900581912 /* Release */ = {
			isa = XCBuildConfiguration;
			buildSettings = {
				ASSETCATALOG_COMPILER_APPICON_NAME = AppIcon;
				ASSETCATALOG_COMPILER_GLOBAL_ACCENT_COLOR_NAME = AccentColor;
				CODE_SIGN_STYLE = Automatic;
				CURRENT_PROJECT_VERSION = 1;
				DEVELOPMENT_ASSET_PATHS = "\"GettingStarted/Preview Content\"";
				DEVELOPMENT_TEAM = Z9CKL84U99;
				ENABLE_PREVIEWS = YES;
				GENERATE_INFOPLIST_FILE = YES;
				INFOPLIST_KEY_UIApplicationSceneManifest_Generation = YES;
				INFOPLIST_KEY_UIApplicationSupportsIndirectInputEvents = YES;
				INFOPLIST_KEY_UILaunchScreen_Generation = YES;
				INFOPLIST_KEY_UISupportedInterfaceOrientations_iPad = "UIInterfaceOrientationPortrait UIInterfaceOrientationPortraitUpsideDown UIInterfaceOrientationLandscapeLeft UIInterfaceOrientationLandscapeRight";
				INFOPLIST_KEY_UISupportedInterfaceOrientations_iPhone = "UIInterfaceOrientationPortrait UIInterfaceOrientationLandscapeLeft UIInterfaceOrientationLandscapeRight";
				LD_RUNPATH_SEARCH_PATHS = (
					"$(inherited)",
					"@executable_path/Frameworks",
				);
				MARKETING_VERSION = 1.0;
				PRODUCT_BUNDLE_IDENTIFIER = LezGo.GettingStarted;
				PRODUCT_NAME = "$(TARGET_NAME)";
				SWIFT_EMIT_LOC_STRINGS = YES;
				SWIFT_VERSION = 5.0;
				TARGETED_DEVICE_FAMILY = "1,2";
			};
			name = Release;
		};
		9D7BD6FB2A2F491900581912 /* Debug */ = {
			isa = XCBuildConfiguration;
			buildSettings = {
				ALWAYS_EMBED_SWIFT_STANDARD_LIBRARIES = YES;
				BUNDLE_LOADER = "$(TEST_HOST)";
				CODE_SIGN_STYLE = Automatic;
				CURRENT_PROJECT_VERSION = 1;
				DEVELOPMENT_TEAM = Z9CKL84U99;
				GENERATE_INFOPLIST_FILE = YES;
				IPHONEOS_DEPLOYMENT_TARGET = 15.5;
				MARKETING_VERSION = 1.0;
				PRODUCT_BUNDLE_IDENTIFIER = LezGo.GettingStartedTests;
				PRODUCT_NAME = "$(TARGET_NAME)";
				SWIFT_EMIT_LOC_STRINGS = NO;
				SWIFT_VERSION = 5.0;
				TARGETED_DEVICE_FAMILY = "1,2";
				TEST_HOST = "$(BUILT_PRODUCTS_DIR)/GettingStarted.app/GettingStarted";
			};
			name = Debug;
		};
		9D7BD6FC2A2F491900581912 /* Release */ = {
			isa = XCBuildConfiguration;
			buildSettings = {
				ALWAYS_EMBED_SWIFT_STANDARD_LIBRARIES = YES;
				BUNDLE_LOADER = "$(TEST_HOST)";
				CODE_SIGN_STYLE = Automatic;
				CURRENT_PROJECT_VERSION = 1;
				DEVELOPMENT_TEAM = Z9CKL84U99;
				GENERATE_INFOPLIST_FILE = YES;
				IPHONEOS_DEPLOYMENT_TARGET = 15.5;
				MARKETING_VERSION = 1.0;
				PRODUCT_BUNDLE_IDENTIFIER = LezGo.GettingStartedTests;
				PRODUCT_NAME = "$(TARGET_NAME)";
				SWIFT_EMIT_LOC_STRINGS = NO;
				SWIFT_VERSION = 5.0;
				TARGETED_DEVICE_FAMILY = "1,2";
				TEST_HOST = "$(BUILT_PRODUCTS_DIR)/GettingStarted.app/GettingStarted";
			};
			name = Release;
		};
		9D7BD6FE2A2F491900581912 /* Debug */ = {
			isa = XCBuildConfiguration;
			buildSettings = {
				ALWAYS_EMBED_SWIFT_STANDARD_LIBRARIES = YES;
				CODE_SIGN_STYLE = Automatic;
				CURRENT_PROJECT_VERSION = 1;
				DEVELOPMENT_TEAM = Z9CKL84U99;
				GENERATE_INFOPLIST_FILE = YES;
				MARKETING_VERSION = 1.0;
				PRODUCT_BUNDLE_IDENTIFIER = LezGo.GettingStartedUITests;
				PRODUCT_NAME = "$(TARGET_NAME)";
				SWIFT_EMIT_LOC_STRINGS = NO;
				SWIFT_VERSION = 5.0;
				TARGETED_DEVICE_FAMILY = "1,2";
				TEST_TARGET_NAME = GettingStarted;
			};
			name = Debug;
		};
		9D7BD6FF2A2F491900581912 /* Release */ = {
			isa = XCBuildConfiguration;
			buildSettings = {
				ALWAYS_EMBED_SWIFT_STANDARD_LIBRARIES = YES;
				CODE_SIGN_STYLE = Automatic;
				CURRENT_PROJECT_VERSION = 1;
				DEVELOPMENT_TEAM = Z9CKL84U99;
				GENERATE_INFOPLIST_FILE = YES;
				MARKETING_VERSION = 1.0;
				PRODUCT_BUNDLE_IDENTIFIER = LezGo.GettingStartedUITests;
				PRODUCT_NAME = "$(TARGET_NAME)";
				SWIFT_EMIT_LOC_STRINGS = NO;
				SWIFT_VERSION = 5.0;
				TARGETED_DEVICE_FAMILY = "1,2";
				TEST_TARGET_NAME = GettingStarted;
			};
			name = Release;
		};
/* End XCBuildConfiguration section */

/* Begin XCConfigurationList section */
		9D7BD6CE2A2F491600581912 /* Build configuration list for PBXProject "GettingStarted" */ = {
			isa = XCConfigurationList;
			buildConfigurations = (
				9D7BD6F52A2F491900581912 /* Debug */,
				9D7BD6F62A2F491900581912 /* Release */,
			);
			defaultConfigurationIsVisible = 0;
			defaultConfigurationName = Release;
		};
		9D7BD6F72A2F491900581912 /* Build configuration list for PBXNativeTarget "GettingStarted" */ = {
			isa = XCConfigurationList;
			buildConfigurations = (
				9D7BD6F82A2F491900581912 /* Debug */,
				9D7BD6F92A2F491900581912 /* Release */,
			);
			defaultConfigurationIsVisible = 0;
			defaultConfigurationName = Release;
		};
		9D7BD6FA2A2F491900581912 /* Build configuration list for PBXNativeTarget "GettingStartedTests" */ = {
			isa = XCConfigurationList;
			buildConfigurations = (
				9D7BD6FB2A2F491900581912 /* Debug */,
				9D7BD6FC2A2F491900581912 /* Release */,
			);
			defaultConfigurationIsVisible = 0;
			defaultConfigurationName = Release;
		};
		9D7BD6FD2A2F491900581912 /* Build configuration list for PBXNativeTarget "GettingStartedUITests" */ = {
			isa = XCConfigurationList;
			buildConfigurations = (
				9D7BD6FE2A2F491900581912 /* Debug */,
				9D7BD6FF2A2F491900581912 /* Release */,
			);
			defaultConfigurationIsVisible = 0;
			defaultConfigurationName = Release;
		};
/* End XCConfigurationList section */
	};
	rootObject = 9D7BD6CB2A2F491600581912 /* Project object */;
}
