// !$*UTF8*$!
{
	archiveVersion = 1;
	classes = {
	};
	objectVersion = 55;
	objects = {

/* Begin PBXBuildFile section */
		9DFF47B52A3CA9BF00BEF6C7 /* StarterPackApp.swift in Sources */ = {isa = PBXBuildFile; fileRef = 9DFF47B42A3CA9BF00BEF6C7 /* StarterPackApp.swift */; };
		9DFF47B72A3CA9BF00BEF6C7 /* ContentView.swift in Sources */ = {isa = PBXBuildFile; fileRef = 9DFF47B62A3CA9BF00BEF6C7 /* ContentView.swift */; };
		9DFF47B92A3CA9C100BEF6C7 /* Assets.xcassets in Resources */ = {isa = PBXBuildFile; fileRef = 9DFF47B82A3CA9C100BEF6C7 /* Assets.xcassets */; };
		9DFF47BC2A3CA9C100BEF6C7 /* Preview Assets.xcassets in Resources */ = {isa = PBXBuildFile; fileRef = 9DFF47BB2A3CA9C100BEF6C7 /* Preview Assets.xcassets */; };
		9DFF47C62A3CA9C100BEF6C7 /* StarterPackTests.swift in Sources */ = {isa = PBXBuildFile; fileRef = 9DFF47C52A3CA9C100BEF6C7 /* StarterPackTests.swift */; };
		9DFF47D02A3CA9C100BEF6C7 /* StarterPackUITests.swift in Sources */ = {isa = PBXBuildFile; fileRef = 9DFF47CF2A3CA9C100BEF6C7 /* StarterPackUITests.swift */; };
		9DFF47D22A3CA9C100BEF6C7 /* StarterPackUITestsLaunchTests.swift in Sources */ = {isa = PBXBuildFile; fileRef = 9DFF47D12A3CA9C100BEF6C7 /* StarterPackUITestsLaunchTests.swift */; };
		9DFF47DF2A3CAA5200BEF6C7 /* Triangle.swift in Sources */ = {isa = PBXBuildFile; fileRef = 9DFF47DE2A3CAA5200BEF6C7 /* Triangle.swift */; };
/* End PBXBuildFile section */

/* Begin PBXContainerItemProxy section */
		9DFF47C22A3CA9C100BEF6C7 /* PBXContainerItemProxy */ = {
			isa = PBXContainerItemProxy;
			containerPortal = 9DFF47A92A3CA9BF00BEF6C7 /* Project object */;
			proxyType = 1;
			remoteGlobalIDString = 9DFF47B02A3CA9BF00BEF6C7;
			remoteInfo = StarterPack;
		};
		9DFF47CC2A3CA9C100BEF6C7 /* PBXContainerItemProxy */ = {
			isa = PBXContainerItemProxy;
			containerPortal = 9DFF47A92A3CA9BF00BEF6C7 /* Project object */;
			proxyType = 1;
			remoteGlobalIDString = 9DFF47B02A3CA9BF00BEF6C7;
			remoteInfo = StarterPack;
		};
/* End PBXContainerItemProxy section */

/* Begin PBXFileReference section */
		9DFF47B12A3CA9BF00BEF6C7 /* StarterPack.app */ = {isa = PBXFileReference; explicitFileType = wrapper.application; includeInIndex = 0; path = StarterPack.app; sourceTree = BUILT_PRODUCTS_DIR; };
		9DFF47B42A3CA9BF00BEF6C7 /* StarterPackApp.swift */ = {isa = PBXFileReference; lastKnownFileType = sourcecode.swift; path = StarterPackApp.swift; sourceTree = "<group>"; };
		9DFF47B62A3CA9BF00BEF6C7 /* ContentView.swift */ = {isa = PBXFileReference; lastKnownFileType = sourcecode.swift; path = ContentView.swift; sourceTree = "<group>"; };
		9DFF47B82A3CA9C100BEF6C7 /* Assets.xcassets */ = {isa = PBXFileReference; lastKnownFileType = folder.assetcatalog; path = Assets.xcassets; sourceTree = "<group>"; };
		9DFF47BB2A3CA9C100BEF6C7 /* Preview Assets.xcassets */ = {isa = PBXFileReference; lastKnownFileType = folder.assetcatalog; path = "Preview Assets.xcassets"; sourceTree = "<group>"; };
		9DFF47C12A3CA9C100BEF6C7 /* StarterPackTests.xctest */ = {isa = PBXFileReference; explicitFileType = wrapper.cfbundle; includeInIndex = 0; path = StarterPackTests.xctest; sourceTree = BUILT_PRODUCTS_DIR; };
		9DFF47C52A3CA9C100BEF6C7 /* StarterPackTests.swift */ = {isa = PBXFileReference; lastKnownFileType = sourcecode.swift; path = StarterPackTests.swift; sourceTree = "<group>"; };
		9DFF47CB2A3CA9C100BEF6C7 /* StarterPackUITests.xctest */ = {isa = PBXFileReference; explicitFileType = wrapper.cfbundle; includeInIndex = 0; path = StarterPackUITests.xctest; sourceTree = BUILT_PRODUCTS_DIR; };
		9DFF47CF2A3CA9C100BEF6C7 /* StarterPackUITests.swift */ = {isa = PBXFileReference; lastKnownFileType = sourcecode.swift; path = StarterPackUITests.swift; sourceTree = "<group>"; };
		9DFF47D12A3CA9C100BEF6C7 /* StarterPackUITestsLaunchTests.swift */ = {isa = PBXFileReference; lastKnownFileType = sourcecode.swift; path = StarterPackUITestsLaunchTests.swift; sourceTree = "<group>"; };
		9DFF47DE2A3CAA5200BEF6C7 /* Triangle.swift */ = {isa = PBXFileReference; lastKnownFileType = sourcecode.swift; path = Triangle.swift; sourceTree = "<group>"; };
/* End PBXFileReference section */

/* Begin PBXFrameworksBuildPhase section */
		9DFF47AE2A3CA9BF00BEF6C7 /* Frameworks */ = {
			isa = PBXFrameworksBuildPhase;
			buildActionMask = 2147483647;
			files = (
			);
			runOnlyForDeploymentPostprocessing = 0;
		};
		9DFF47BE2A3CA9C100BEF6C7 /* Frameworks */ = {
			isa = PBXFrameworksBuildPhase;
			buildActionMask = 2147483647;
			files = (
			);
			runOnlyForDeploymentPostprocessing = 0;
		};
		9DFF47C82A3CA9C100BEF6C7 /* Frameworks */ = {
			isa = PBXFrameworksBuildPhase;
			buildActionMask = 2147483647;
			files = (
			);
			runOnlyForDeploymentPostprocessing = 0;
		};
/* End PBXFrameworksBuildPhase section */

/* Begin PBXGroup section */
		9DFF47A82A3CA9BF00BEF6C7 = {
			isa = PBXGroup;
			children = (
				9DFF47B32A3CA9BF00BEF6C7 /* StarterPack */,
				9DFF47C42A3CA9C100BEF6C7 /* StarterPackTests */,
				9DFF47CE2A3CA9C100BEF6C7 /* StarterPackUITests */,
				9DFF47B22A3CA9BF00BEF6C7 /* Products */,
			);
			sourceTree = "<group>";
		};
		9DFF47B22A3CA9BF00BEF6C7 /* Products */ = {
			isa = PBXGroup;
			children = (
				9DFF47B12A3CA9BF00BEF6C7 /* StarterPack.app */,
				9DFF47C12A3CA9C100BEF6C7 /* StarterPackTests.xctest */,
				9DFF47CB2A3CA9C100BEF6C7 /* StarterPackUITests.xctest */,
			);
			name = Products;
			sourceTree = "<group>";
		};
		9DFF47B32A3CA9BF00BEF6C7 /* StarterPack */ = {
			isa = PBXGroup;
			children = (
				9DFF47B42A3CA9BF00BEF6C7 /* StarterPackApp.swift */,
				9DFF47B62A3CA9BF00BEF6C7 /* ContentView.swift */,
				9DFF47B82A3CA9C100BEF6C7 /* Assets.xcassets */,
				9DFF47BA2A3CA9C100BEF6C7 /* Preview Content */,
				9DFF47DE2A3CAA5200BEF6C7 /* Triangle.swift */,
			);
			path = StarterPack;
			sourceTree = "<group>";
		};
		9DFF47BA2A3CA9C100BEF6C7 /* Preview Content */ = {
			isa = PBXGroup;
			children = (
				9DFF47BB2A3CA9C100BEF6C7 /* Preview Assets.xcassets */,
			);
			path = "Preview Content";
			sourceTree = "<group>";
		};
		9DFF47C42A3CA9C100BEF6C7 /* StarterPackTests */ = {
			isa = PBXGroup;
			children = (
				9DFF47C52A3CA9C100BEF6C7 /* StarterPackTests.swift */,
			);
			path = StarterPackTests;
			sourceTree = "<group>";
		};
		9DFF47CE2A3CA9C100BEF6C7 /* StarterPackUITests */ = {
			isa = PBXGroup;
			children = (
				9DFF47CF2A3CA9C100BEF6C7 /* StarterPackUITests.swift */,
				9DFF47D12A3CA9C100BEF6C7 /* StarterPackUITestsLaunchTests.swift */,
			);
			path = StarterPackUITests;
			sourceTree = "<group>";
		};
/* End PBXGroup section */

/* Begin PBXNativeTarget section */
		9DFF47B02A3CA9BF00BEF6C7 /* StarterPack */ = {
			isa = PBXNativeTarget;
			buildConfigurationList = 9DFF47D52A3CA9C100BEF6C7 /* Build configuration list for PBXNativeTarget "StarterPack" */;
			buildPhases = (
				9DFF47AD2A3CA9BF00BEF6C7 /* Sources */,
				9DFF47AE2A3CA9BF00BEF6C7 /* Frameworks */,
				9DFF47AF2A3CA9BF00BEF6C7 /* Resources */,
			);
			buildRules = (
			);
			dependencies = (
			);
			name = StarterPack;
			productName = StarterPack;
			productReference = 9DFF47B12A3CA9BF00BEF6C7 /* StarterPack.app */;
			productType = "com.apple.product-type.application";
		};
		9DFF47C02A3CA9C100BEF6C7 /* StarterPackTests */ = {
			isa = PBXNativeTarget;
			buildConfigurationList = 9DFF47D82A3CA9C100BEF6C7 /* Build configuration list for PBXNativeTarget "StarterPackTests" */;
			buildPhases = (
				9DFF47BD2A3CA9C100BEF6C7 /* Sources */,
				9DFF47BE2A3CA9C100BEF6C7 /* Frameworks */,
				9DFF47BF2A3CA9C100BEF6C7 /* Resources */,
			);
			buildRules = (
			);
			dependencies = (
				9DFF47C32A3CA9C100BEF6C7 /* PBXTargetDependency */,
			);
			name = StarterPackTests;
			productName = StarterPackTests;
			productReference = 9DFF47C12A3CA9C100BEF6C7 /* StarterPackTests.xctest */;
			productType = "com.apple.product-type.bundle.unit-test";
		};
		9DFF47CA2A3CA9C100BEF6C7 /* StarterPackUITests */ = {
			isa = PBXNativeTarget;
			buildConfigurationList = 9DFF47DB2A3CA9C100BEF6C7 /* Build configuration list for PBXNativeTarget "StarterPackUITests" */;
			buildPhases = (
				9DFF47C72A3CA9C100BEF6C7 /* Sources */,
				9DFF47C82A3CA9C100BEF6C7 /* Frameworks */,
				9DFF47C92A3CA9C100BEF6C7 /* Resources */,
			);
			buildRules = (
			);
			dependencies = (
				9DFF47CD2A3CA9C100BEF6C7 /* PBXTargetDependency */,
			);
			name = StarterPackUITests;
			productName = StarterPackUITests;
			productReference = 9DFF47CB2A3CA9C100BEF6C7 /* StarterPackUITests.xctest */;
			productType = "com.apple.product-type.bundle.ui-testing";
		};
/* End PBXNativeTarget section */

/* Begin PBXProject section */
		9DFF47A92A3CA9BF00BEF6C7 /* Project object */ = {
			isa = PBXProject;
			attributes = {
				BuildIndependentTargetsInParallel = 1;
				LastSwiftUpdateCheck = 1340;
				LastUpgradeCheck = 1340;
				TargetAttributes = {
					9DFF47B02A3CA9BF00BEF6C7 = {
						CreatedOnToolsVersion = 13.4.1;
					};
					9DFF47C02A3CA9C100BEF6C7 = {
						CreatedOnToolsVersion = 13.4.1;
						TestTargetID = 9DFF47B02A3CA9BF00BEF6C7;
					};
					9DFF47CA2A3CA9C100BEF6C7 = {
						CreatedOnToolsVersion = 13.4.1;
						TestTargetID = 9DFF47B02A3CA9BF00BEF6C7;
					};
				};
			};
			buildConfigurationList = 9DFF47AC2A3CA9BF00BEF6C7 /* Build configuration list for PBXProject "StarterPack" */;
			compatibilityVersion = "Xcode 13.0";
			developmentRegion = en;
			hasScannedForEncodings = 0;
			knownRegions = (
				en,
				Base,
			);
			mainGroup = 9DFF47A82A3CA9BF00BEF6C7;
			productRefGroup = 9DFF47B22A3CA9BF00BEF6C7 /* Products */;
			projectDirPath = "";
			projectRoot = "";
			targets = (
				9DFF47B02A3CA9BF00BEF6C7 /* StarterPack */,
				9DFF47C02A3CA9C100BEF6C7 /* StarterPackTests */,
				9DFF47CA2A3CA9C100BEF6C7 /* StarterPackUITests */,
			);
		};
/* End PBXProject section */

/* Begin PBXResourcesBuildPhase section */
		9DFF47AF2A3CA9BF00BEF6C7 /* Resources */ = {
			isa = PBXResourcesBuildPhase;
			buildActionMask = 2147483647;
			files = (
				9DFF47BC2A3CA9C100BEF6C7 /* Preview Assets.xcassets in Resources */,
				9DFF47B92A3CA9C100BEF6C7 /* Assets.xcassets in Resources */,
			);
			runOnlyForDeploymentPostprocessing = 0;
		};
		9DFF47BF2A3CA9C100BEF6C7 /* Resources */ = {
			isa = PBXResourcesBuildPhase;
			buildActionMask = 2147483647;
			files = (
			);
			runOnlyForDeploymentPostprocessing = 0;
		};
		9DFF47C92A3CA9C100BEF6C7 /* Resources */ = {
			isa = PBXResourcesBuildPhase;
			buildActionMask = 2147483647;
			files = (
			);
			runOnlyForDeploymentPostprocessing = 0;
		};
/* End PBXResourcesBuildPhase section */

/* Begin PBXSourcesBuildPhase section */
		9DFF47AD2A3CA9BF00BEF6C7 /* Sources */ = {
			isa = PBXSourcesBuildPhase;
			buildActionMask = 2147483647;
			files = (
				9DFF47DF2A3CAA5200BEF6C7 /* Triangle.swift in Sources */,
				9DFF47B72A3CA9BF00BEF6C7 /* ContentView.swift in Sources */,
				9DFF47B52A3CA9BF00BEF6C7 /* StarterPackApp.swift in Sources */,
			);
			runOnlyForDeploymentPostprocessing = 0;
		};
		9DFF47BD2A3CA9C100BEF6C7 /* Sources */ = {
			isa = PBXSourcesBuildPhase;
			buildActionMask = 2147483647;
			files = (
				9DFF47C62A3CA9C100BEF6C7 /* StarterPackTests.swift in Sources */,
			);
			runOnlyForDeploymentPostprocessing = 0;
		};
		9DFF47C72A3CA9C100BEF6C7 /* Sources */ = {
			isa = PBXSourcesBuildPhase;
			buildActionMask = 2147483647;
			files = (
				9DFF47D02A3CA9C100BEF6C7 /* StarterPackUITests.swift in Sources */,
				9DFF47D22A3CA9C100BEF6C7 /* StarterPackUITestsLaunchTests.swift in Sources */,
			);
			runOnlyForDeploymentPostprocessing = 0;
		};
/* End PBXSourcesBuildPhase section */

/* Begin PBXTargetDependency section */
		9DFF47C32A3CA9C100BEF6C7 /* PBXTargetDependency */ = {
			isa = PBXTargetDependency;
			target = 9DFF47B02A3CA9BF00BEF6C7 /* StarterPack */;
			targetProxy = 9DFF47C22A3CA9C100BEF6C7 /* PBXContainerItemProxy */;
		};
		9DFF47CD2A3CA9C100BEF6C7 /* PBXTargetDependency */ = {
			isa = PBXTargetDependency;
			target = 9DFF47B02A3CA9BF00BEF6C7 /* StarterPack */;
			targetProxy = 9DFF47CC2A3CA9C100BEF6C7 /* PBXContainerItemProxy */;
		};
/* End PBXTargetDependency section */

/* Begin XCBuildConfiguration section */
		9DFF47D32A3CA9C100BEF6C7 /* Debug */ = {
			isa = XCBuildConfiguration;
			buildSettings = {
				ALWAYS_SEARCH_USER_PATHS = NO;
				CLANG_ANALYZER_NONNULL = YES;
				CLANG_ANALYZER_NUMBER_OBJECT_CONVERSION = YES_AGGRESSIVE;
				CLANG_CXX_LANGUAGE_STANDARD = "gnu++17";
				CLANG_ENABLE_MODULES = YES;
				CLANG_ENABLE_OBJC_ARC = YES;
				CLANG_ENABLE_OBJC_WEAK = YES;
				CLANG_WARN_BLOCK_CAPTURE_AUTORELEASING = YES;
				CLANG_WARN_BOOL_CONVERSION = YES;
				CLANG_WARN_COMMA = YES;
				CLANG_WARN_CONSTANT_CONVERSION = YES;
				CLANG_WARN_DEPRECATED_OBJC_IMPLEMENTATIONS = YES;
				CLANG_WARN_DIRECT_OBJC_ISA_USAGE = YES_ERROR;
				CLANG_WARN_DOCUMENTATION_COMMENTS = YES;
				CLANG_WARN_EMPTY_BODY = YES;
				CLANG_WARN_ENUM_CONVERSION = YES;
				CLANG_WARN_INFINITE_RECURSION = YES;
				CLANG_WARN_INT_CONVERSION = YES;
				CLANG_WARN_NON_LITERAL_NULL_CONVERSION = YES;
				CLANG_WARN_OBJC_IMPLICIT_RETAIN_SELF = YES;
				CLANG_WARN_OBJC_LITERAL_CONVERSION = YES;
				CLANG_WARN_OBJC_ROOT_CLASS = YES_ERROR;
				CLANG_WARN_QUOTED_INCLUDE_IN_FRAMEWORK_HEADER = YES;
				CLANG_WARN_RANGE_LOOP_ANALYSIS = YES;
				CLANG_WARN_STRICT_PROTOTYPES = YES;
				CLANG_WARN_SUSPICIOUS_MOVE = YES;
				CLANG_WARN_UNGUARDED_AVAILABILITY = YES_AGGRESSIVE;
				CLANG_WARN_UNREACHABLE_CODE = YES;
				CLANG_WARN__DUPLICATE_METHOD_MATCH = YES;
				COPY_PHASE_STRIP = NO;
				DEBUG_INFORMATION_FORMAT = dwarf;
				ENABLE_STRICT_OBJC_MSGSEND = YES;
				ENABLE_TESTABILITY = YES;
				GCC_C_LANGUAGE_STANDARD = gnu11;
				GCC_DYNAMIC_NO_PIC = NO;
				GCC_NO_COMMON_BLOCKS = YES;
				GCC_OPTIMIZATION_LEVEL = 0;
				GCC_PREPROCESSOR_DEFINITIONS = (
					"DEBUG=1",
					"$(inherited)",
				);
				GCC_WARN_64_TO_32_BIT_CONVERSION = YES;
				GCC_WARN_ABOUT_RETURN_TYPE = YES_ERROR;
				GCC_WARN_UNDECLARED_SELECTOR = YES;
				GCC_WARN_UNINITIALIZED_AUTOS = YES_AGGRESSIVE;
				GCC_WARN_UNUSED_FUNCTION = YES;
				GCC_WARN_UNUSED_VARIABLE = YES;
				IPHONEOS_DEPLOYMENT_TARGET = 15.5;
				MTL_ENABLE_DEBUG_INFO = INCLUDE_SOURCE;
				MTL_FAST_MATH = YES;
				ONLY_ACTIVE_ARCH = YES;
				SDKROOT = iphoneos;
				SWIFT_ACTIVE_COMPILATION_CONDITIONS = DEBUG;
				SWIFT_OPTIMIZATION_LEVEL = "-Onone";
			};
			name = Debug;
		};
		9DFF47D42A3CA9C100BEF6C7 /* Release */ = {
			isa = XCBuildConfiguration;
			buildSettings = {
				ALWAYS_SEARCH_USER_PATHS = NO;
				CLANG_ANALYZER_NONNULL = YES;
				CLANG_ANALYZER_NUMBER_OBJECT_CONVERSION = YES_AGGRESSIVE;
				CLANG_CXX_LANGUAGE_STANDARD = "gnu++17";
				CLANG_ENABLE_MODULES = YES;
				CLANG_ENABLE_OBJC_ARC = YES;
				CLANG_ENABLE_OBJC_WEAK = YES;
				CLANG_WARN_BLOCK_CAPTURE_AUTORELEASING = YES;
				CLANG_WARN_BOOL_CONVERSION = YES;
				CLANG_WARN_COMMA = YES;
				CLANG_WARN_CONSTANT_CONVERSION = YES;
				CLANG_WARN_DEPRECATED_OBJC_IMPLEMENTATIONS = YES;
				CLANG_WARN_DIRECT_OBJC_ISA_USAGE = YES_ERROR;
				CLANG_WARN_DOCUMENTATION_COMMENTS = YES;
				CLANG_WARN_EMPTY_BODY = YES;
				CLANG_WARN_ENUM_CONVERSION = YES;
				CLANG_WARN_INFINITE_RECURSION = YES;
				CLANG_WARN_INT_CONVERSION = YES;
				CLANG_WARN_NON_LITERAL_NULL_CONVERSION = YES;
				CLANG_WARN_OBJC_IMPLICIT_RETAIN_SELF = YES;
				CLANG_WARN_OBJC_LITERAL_CONVERSION = YES;
				CLANG_WARN_OBJC_ROOT_CLASS = YES_ERROR;
				CLANG_WARN_QUOTED_INCLUDE_IN_FRAMEWORK_HEADER = YES;
				CLANG_WARN_RANGE_LOOP_ANALYSIS = YES;
				CLANG_WARN_STRICT_PROTOTYPES = YES;
				CLANG_WARN_SUSPICIOUS_MOVE = YES;
				CLANG_WARN_UNGUARDED_AVAILABILITY = YES_AGGRESSIVE;
				CLANG_WARN_UNREACHABLE_CODE = YES;
				CLANG_WARN__DUPLICATE_METHOD_MATCH = YES;
				COPY_PHASE_STRIP = NO;
				DEBUG_INFORMATION_FORMAT = "dwarf-with-dsym";
				ENABLE_NS_ASSERTIONS = NO;
				ENABLE_STRICT_OBJC_MSGSEND = YES;
				GCC_C_LANGUAGE_STANDARD = gnu11;
				GCC_NO_COMMON_BLOCKS = YES;
				GCC_WARN_64_TO_32_BIT_CONVERSION = YES;
				GCC_WARN_ABOUT_RETURN_TYPE = YES_ERROR;
				GCC_WARN_UNDECLARED_SELECTOR = YES;
				GCC_WARN_UNINITIALIZED_AUTOS = YES_AGGRESSIVE;
				GCC_WARN_UNUSED_FUNCTION = YES;
				GCC_WARN_UNUSED_VARIABLE = YES;
				IPHONEOS_DEPLOYMENT_TARGET = 15.5;
				MTL_ENABLE_DEBUG_INFO = NO;
				MTL_FAST_MATH = YES;
				SDKROOT = iphoneos;
				SWIFT_COMPILATION_MODE = wholemodule;
				SWIFT_OPTIMIZATION_LEVEL = "-O";
				VALIDATE_PRODUCT = YES;
			};
			name = Release;
		};
		9DFF47D62A3CA9C100BEF6C7 /* Debug */ = {
			isa = XCBuildConfiguration;
			buildSettings = {
				ASSETCATALOG_COMPILER_APPICON_NAME = AppIcon;
				ASSETCATALOG_COMPILER_GLOBAL_ACCENT_COLOR_NAME = AccentColor;
				CODE_SIGN_STYLE = Automatic;
				CURRENT_PROJECT_VERSION = 1;
				DEVELOPMENT_ASSET_PATHS = "\"StarterPack/Preview Content\"";
				DEVELOPMENT_TEAM = Z9CKL84U99;
				ENABLE_PREVIEWS = YES;
				GENERATE_INFOPLIST_FILE = YES;
				INFOPLIST_KEY_UIApplicationSceneManifest_Generation = YES;
				INFOPLIST_KEY_UIApplicationSupportsIndirectInputEvents = YES;
				INFOPLIST_KEY_UILaunchScreen_Generation = YES;
				INFOPLIST_KEY_UISupportedInterfaceOrientations_iPad = "UIInterfaceOrientationPortrait UIInterfaceOrientationPortraitUpsideDown UIInterfaceOrientationLandscapeLeft UIInterfaceOrientationLandscapeRight";
				INFOPLIST_KEY_UISupportedInterfaceOrientations_iPhone = "UIInterfaceOrientationPortrait UIInterfaceOrientationLandscapeLeft UIInterfaceOrientationLandscapeRight";
				LD_RUNPATH_SEARCH_PATHS = (
					"$(inherited)",
					"@executable_path/Frameworks",
				);
				MARKETING_VERSION = 1.0;
				PRODUCT_BUNDLE_IDENTIFIER = LezGo.StarterPack;
				PRODUCT_NAME = "$(TARGET_NAME)";
				SWIFT_EMIT_LOC_STRINGS = YES;
				SWIFT_VERSION = 5.0;
				TARGETED_DEVICE_FAMILY = "1,2";
			};
			name = Debug;
		};
		9DFF47D72A3CA9C100BEF6C7 /* Release */ = {
			isa = XCBuildConfiguration;
			buildSettings = {
				ASSETCATALOG_COMPILER_APPICON_NAME = AppIcon;
				ASSETCATALOG_COMPILER_GLOBAL_ACCENT_COLOR_NAME = AccentColor;
				CODE_SIGN_STYLE = Automatic;
				CURRENT_PROJECT_VERSION = 1;
				DEVELOPMENT_ASSET_PATHS = "\"StarterPack/Preview Content\"";
				DEVELOPMENT_TEAM = Z9CKL84U99;
				ENABLE_PREVIEWS = YES;
				GENERATE_INFOPLIST_FILE = YES;
				INFOPLIST_KEY_UIApplicationSceneManifest_Generation = YES;
				INFOPLIST_KEY_UIApplicationSupportsIndirectInputEvents = YES;
				INFOPLIST_KEY_UILaunchScreen_Generation = YES;
				INFOPLIST_KEY_UISupportedInterfaceOrientations_iPad = "UIInterfaceOrientationPortrait UIInterfaceOrientationPortraitUpsideDown UIInterfaceOrientationLandscapeLeft UIInterfaceOrientationLandscapeRight";
				INFOPLIST_KEY_UISupportedInterfaceOrientations_iPhone = "UIInterfaceOrientationPortrait UIInterfaceOrientationLandscapeLeft UIInterfaceOrientationLandscapeRight";
				LD_RUNPATH_SEARCH_PATHS = (
					"$(inherited)",
					"@executable_path/Frameworks",
				);
				MARKETING_VERSION = 1.0;
				PRODUCT_BUNDLE_IDENTIFIER = LezGo.StarterPack;
				PRODUCT_NAME = "$(TARGET_NAME)";
				SWIFT_EMIT_LOC_STRINGS = YES;
				SWIFT_VERSION = 5.0;
				TARGETED_DEVICE_FAMILY = "1,2";
			};
			name = Release;
		};
		9DFF47D92A3CA9C100BEF6C7 /* Debug */ = {
			isa = XCBuildConfiguration;
			buildSettings = {
				ALWAYS_EMBED_SWIFT_STANDARD_LIBRARIES = YES;
				BUNDLE_LOADER = "$(TEST_HOST)";
				CODE_SIGN_STYLE = Automatic;
				CURRENT_PROJECT_VERSION = 1;
				DEVELOPMENT_TEAM = Z9CKL84U99;
				GENERATE_INFOPLIST_FILE = YES;
				IPHONEOS_DEPLOYMENT_TARGET = 15.5;
				MARKETING_VERSION = 1.0;
				PRODUCT_BUNDLE_IDENTIFIER = LezGo.StarterPackTests;
				PRODUCT_NAME = "$(TARGET_NAME)";
				SWIFT_EMIT_LOC_STRINGS = NO;
				SWIFT_VERSION = 5.0;
				TARGETED_DEVICE_FAMILY = "1,2";
				TEST_HOST = "$(BUILT_PRODUCTS_DIR)/StarterPack.app/StarterPack";
			};
			name = Debug;
		};
		9DFF47DA2A3CA9C100BEF6C7 /* Release */ = {
			isa = XCBuildConfiguration;
			buildSettings = {
				ALWAYS_EMBED_SWIFT_STANDARD_LIBRARIES = YES;
				BUNDLE_LOADER = "$(TEST_HOST)";
				CODE_SIGN_STYLE = Automatic;
				CURRENT_PROJECT_VERSION = 1;
				DEVELOPMENT_TEAM = Z9CKL84U99;
				GENERATE_INFOPLIST_FILE = YES;
				IPHONEOS_DEPLOYMENT_TARGET = 15.5;
				MARKETING_VERSION = 1.0;
				PRODUCT_BUNDLE_IDENTIFIER = LezGo.StarterPackTests;
				PRODUCT_NAME = "$(TARGET_NAME)";
				SWIFT_EMIT_LOC_STRINGS = NO;
				SWIFT_VERSION = 5.0;
				TARGETED_DEVICE_FAMILY = "1,2";
				TEST_HOST = "$(BUILT_PRODUCTS_DIR)/StarterPack.app/StarterPack";
			};
			name = Release;
		};
		9DFF47DC2A3CA9C100BEF6C7 /* Debug */ = {
			isa = XCBuildConfiguration;
			buildSettings = {
				ALWAYS_EMBED_SWIFT_STANDARD_LIBRARIES = YES;
				CODE_SIGN_STYLE = Automatic;
				CURRENT_PROJECT_VERSION = 1;
				DEVELOPMENT_TEAM = Z9CKL84U99;
				GENERATE_INFOPLIST_FILE = YES;
				MARKETING_VERSION = 1.0;
				PRODUCT_BUNDLE_IDENTIFIER = LezGo.StarterPackUITests;
				PRODUCT_NAME = "$(TARGET_NAME)";
				SWIFT_EMIT_LOC_STRINGS = NO;
				SWIFT_VERSION = 5.0;
				TARGETED_DEVICE_FAMILY = "1,2";
				TEST_TARGET_NAME = StarterPack;
			};
			name = Debug;
		};
		9DFF47DD2A3CA9C100BEF6C7 /* Release */ = {
			isa = XCBuildConfiguration;
			buildSettings = {
				ALWAYS_EMBED_SWIFT_STANDARD_LIBRARIES = YES;
				CODE_SIGN_STYLE = Automatic;
				CURRENT_PROJECT_VERSION = 1;
				DEVELOPMENT_TEAM = Z9CKL84U99;
				GENERATE_INFOPLIST_FILE = YES;
				MARKETING_VERSION = 1.0;
				PRODUCT_BUNDLE_IDENTIFIER = LezGo.StarterPackUITests;
				PRODUCT_NAME = "$(TARGET_NAME)";
				SWIFT_EMIT_LOC_STRINGS = NO;
				SWIFT_VERSION = 5.0;
				TARGETED_DEVICE_FAMILY = "1,2";
				TEST_TARGET_NAME = StarterPack;
			};
			name = Release;
		};
/* End XCBuildConfiguration section */

/* Begin XCConfigurationList section */
		9DFF47AC2A3CA9BF00BEF6C7 /* Build configuration list for PBXProject "StarterPack" */ = {
			isa = XCConfigurationList;
			buildConfigurations = (
				9DFF47D32A3CA9C100BEF6C7 /* Debug */,
				9DFF47D42A3CA9C100BEF6C7 /* Release */,
			);
			defaultConfigurationIsVisible = 0;
			defaultConfigurationName = Release;
		};
		9DFF47D52A3CA9C100BEF6C7 /* Build configuration list for PBXNativeTarget "StarterPack" */ = {
			isa = XCConfigurationList;
			buildConfigurations = (
				9DFF47D62A3CA9C100BEF6C7 /* Debug */,
				9DFF47D72A3CA9C100BEF6C7 /* Release */,
			);
			defaultConfigurationIsVisible = 0;
			defaultConfigurationName = Release;
		};
		9DFF47D82A3CA9C100BEF6C7 /* Build configuration list for PBXNativeTarget "StarterPackTests" */ = {
			isa = XCConfigurationList;
			buildConfigurations = (
				9DFF47D92A3CA9C100BEF6C7 /* Debug */,
				9DFF47DA2A3CA9C100BEF6C7 /* Release */,
			);
			defaultConfigurationIsVisible = 0;
			defaultConfigurationName = Release;
		};
		9DFF47DB2A3CA9C100BEF6C7 /* Build configuration list for PBXNativeTarget "StarterPackUITests" */ = {
			isa = XCConfigurationList;
			buildConfigurations = (
				9DFF47DC2A3CA9C100BEF6C7 /* Debug */,
				9DFF47DD2A3CA9C100BEF6C7 /* Release */,
			);
			defaultConfigurationIsVisible = 0;
			defaultConfigurationName = Release;
		};
/* End XCConfigurationList section */
	};
	rootObject = 9DFF47A92A3CA9BF00BEF6C7 /* Project object */;
}
